// !$*UTF8*$!
{
	archiveVersion = 1;
	classes = {
	};
	objectVersion = 50;
	objects = {

/* Begin PBXBuildFile section */
		8187B6E610FAA751C9DC40FF /* libPods-考核2.a in Frameworks */ = {isa = PBXBuildFile; fileRef = 3DD91B937A60AC816F070C88 /* libPods-考核2.a */; };
		D526B5FF216AF3E900CB2E6B /* ClassContentCell1.h in Sources */ = {isa = PBXBuildFile; fileRef = D583B8BF216AF03000D848C3 /* ClassContentCell1.h */; };
		D526B603216AF64E00CB2E6B /* ClassModel.m in Sources */ = {isa = PBXBuildFile; fileRef = D526B602216AF64E00CB2E6B /* ClassModel.m */; };
		D526B604216AF9C000CB2E6B /* ClassModel.h in Sources */ = {isa = PBXBuildFile; fileRef = D526B601216AF64E00CB2E6B /* ClassModel.h */; };
		D526B608216AFDC700CB2E6B /* ClassAdCell.m in Sources */ = {isa = PBXBuildFile; fileRef = D526B606216AFDC700CB2E6B /* ClassAdCell.m */; };
		D526B609216AFDC700CB2E6B /* ClassAdCell.xib in Resources */ = {isa = PBXBuildFile; fileRef = D526B607216AFDC700CB2E6B /* ClassAdCell.xib */; };
		D538C6582176BC8400EF47F2 /* IndustryInformationDetailsCell2.m in Sources */ = {isa = PBXBuildFile; fileRef = D538C6562176BC8400EF47F2 /* IndustryInformationDetailsCell2.m */; };
		D538C6592176BC8400EF47F2 /* IndustryInformationDetailsCell2.xib in Resources */ = {isa = PBXBuildFile; fileRef = D538C6572176BC8400EF47F2 /* IndustryInformationDetailsCell2.xib */; };
		D53F59A52175837E005A7F13 /* InformationPersonalPageVC.m in Sources */ = {isa = PBXBuildFile; fileRef = D53F59A42175837E005A7F13 /* InformationPersonalPageVC.m */; };
		D53F59A921758FA8005A7F13 /* InformationPersonalPageNavigationBar.m in Sources */ = {isa = PBXBuildFile; fileRef = D53F59A821758FA8005A7F13 /* InformationPersonalPageNavigationBar.m */; };
		D53F59AC2175B8B4005A7F13 /* InformationPersonalPageHeaderView.m in Sources */ = {isa = PBXBuildFile; fileRef = D53F59AB2175B8B4005A7F13 /* InformationPersonalPageHeaderView.m */; };
		D53F59AF2175C106005A7F13 /* InformationPersonalPageSectionView.m in Sources */ = {isa = PBXBuildFile; fileRef = D53F59AE2175C106005A7F13 /* InformationPersonalPageSectionView.m */; };
		D53F59B32175CCE6005A7F13 /* InformationPersonalPageCell1.m in Sources */ = {isa = PBXBuildFile; fileRef = D53F59B12175CCE6005A7F13 /* InformationPersonalPageCell1.m */; };
		D53F59B42175CCE6005A7F13 /* InformationPersonalPageCell1.xib in Resources */ = {isa = PBXBuildFile; fileRef = D53F59B22175CCE6005A7F13 /* InformationPersonalPageCell1.xib */; };
		D53F59B82175D943005A7F13 /* IndustryInformationDetailsCell1.m in Sources */ = {isa = PBXBuildFile; fileRef = D53F59B62175D943005A7F13 /* IndustryInformationDetailsCell1.m */; };
		D53F59B92175D943005A7F13 /* IndustryInformationDetailsCell1.xib in Resources */ = {isa = PBXBuildFile; fileRef = D53F59B72175D943005A7F13 /* IndustryInformationDetailsCell1.xib */; };
		D5404746217EA605008F4007 /* SCIndexView.m in Sources */ = {isa = PBXBuildFile; fileRef = D5404741217EA605008F4007 /* SCIndexView.m */; };
		D5404747217EA605008F4007 /* SCIndexViewConfiguration.m in Sources */ = {isa = PBXBuildFile; fileRef = D5404743217EA605008F4007 /* SCIndexViewConfiguration.m */; };
		D5404748217EA605008F4007 /* UITableView+SCIndexView.m in Sources */ = {isa = PBXBuildFile; fileRef = D5404745217EA605008F4007 /* UITableView+SCIndexView.m */; };
		D540474C217EB367008F4007 /* IndustryInformationDetailsModel.m in Sources */ = {isa = PBXBuildFile; fileRef = D540474B217EB367008F4007 /* IndustryInformationDetailsModel.m */; };
		D5404750217EBB48008F4007 /* InformationPersonalPageCell2.m in Sources */ = {isa = PBXBuildFile; fileRef = D540474E217EBB48008F4007 /* InformationPersonalPageCell2.m */; };
		D5404751217EBB48008F4007 /* InformationPersonalPageCell2.xib in Resources */ = {isa = PBXBuildFile; fileRef = D540474F217EBB48008F4007 /* InformationPersonalPageCell2.xib */; };
		D5404755217EBBE2008F4007 /* InformationPersonalPageCell3.m in Sources */ = {isa = PBXBuildFile; fileRef = D5404753217EBBE2008F4007 /* InformationPersonalPageCell3.m */; };
		D5404756217EBBE2008F4007 /* InformationPersonalPageCell3.xib in Resources */ = {isa = PBXBuildFile; fileRef = D5404754217EBBE2008F4007 /* InformationPersonalPageCell3.xib */; };
		D540475A217EBBEF008F4007 /* InformationPersonalPageCell4.m in Sources */ = {isa = PBXBuildFile; fileRef = D5404758217EBBEF008F4007 /* InformationPersonalPageCell4.m */; };
		D540475B217EBBEF008F4007 /* InformationPersonalPageCell4.xib in Resources */ = {isa = PBXBuildFile; fileRef = D5404759217EBBEF008F4007 /* InformationPersonalPageCell4.xib */; };
		D540475F217EFC1D008F4007 /* InformationDetailsVC.m in Sources */ = {isa = PBXBuildFile; fileRef = D540475E217EFC1D008F4007 /* InformationDetailsVC.m */; };
		D5404763217F0249008F4007 /* InformationDetailsSectionHeader.m in Sources */ = {isa = PBXBuildFile; fileRef = D5404762217F0249008F4007 /* InformationDetailsSectionHeader.m */; };
		D5404767217F06C6008F4007 /* ClassContentCell3.m in Sources */ = {isa = PBXBuildFile; fileRef = D5404765217F06C6008F4007 /* ClassContentCell3.m */; };
		D5404768217F06C6008F4007 /* ClassContentCell3.xib in Resources */ = {isa = PBXBuildFile; fileRef = D5404766217F06C6008F4007 /* ClassContentCell3.xib */; };
		D5405174216D9261001C44B0 /* HistoryRecordCell.m in Sources */ = {isa = PBXBuildFile; fileRef = D5405172216D9260001C44B0 /* HistoryRecordCell.m */; };
		D5405175216D9261001C44B0 /* HistoryRecordCell.xib in Resources */ = {isa = PBXBuildFile; fileRef = D5405173216D9261001C44B0 /* HistoryRecordCell.xib */; };
		D540517A216DF239001C44B0 /* ClassSearchVC.m in Sources */ = {isa = PBXBuildFile; fileRef = D5405179216DF239001C44B0 /* ClassSearchVC.m */; };
		D5405181216DF400001C44B0 /* InformationSearchVC.m in Sources */ = {isa = PBXBuildFile; fileRef = D5405180216DF400001C44B0 /* InformationSearchVC.m */; };
		D551DEF4216C4B7900F9EAEF /* CustomChannelVC.m in Sources */ = {isa = PBXBuildFile; fileRef = D551DEF3216C4B7900F9EAEF /* CustomChannelVC.m */; };
		D551DEF8216C4F1600F9EAEF /* CustomChannelNavigationBar.m in Sources */ = {isa = PBXBuildFile; fileRef = D551DEF7216C4F1600F9EAEF /* CustomChannelNavigationBar.m */; };
		D551DEFB216C53CA00F9EAEF /* CustomChannelAlertView.m in Sources */ = {isa = PBXBuildFile; fileRef = D551DEFA216C53CA00F9EAEF /* CustomChannelAlertView.m */; };
		D551DEFE216C772E00F9EAEF /* HistoryRecordVC.m in Sources */ = {isa = PBXBuildFile; fileRef = D551DEFD216C772E00F9EAEF /* HistoryRecordVC.m */; };
		D551DF01216C774D00F9EAEF /* HistorySearchVC.m in Sources */ = {isa = PBXBuildFile; fileRef = D551DF00216C774D00F9EAEF /* HistorySearchVC.m */; };
		D551DF05216C783F00F9EAEF /* ClassContentCell2.m in Sources */ = {isa = PBXBuildFile; fileRef = D551DF03216C783F00F9EAEF /* ClassContentCell2.m */; };
		D551DF06216C783F00F9EAEF /* ClassContentCell2.xib in Resources */ = {isa = PBXBuildFile; fileRef = D551DF04216C783F00F9EAEF /* ClassContentCell2.xib */; };
		D551DF0B216C870700F9EAEF /* MyChannelCell.m in Sources */ = {isa = PBXBuildFile; fileRef = D551DF09216C870700F9EAEF /* MyChannelCell.m */; };
		D551DF0C216C870700F9EAEF /* MyChannelCell.xib in Resources */ = {isa = PBXBuildFile; fileRef = D551DF0A216C870700F9EAEF /* MyChannelCell.xib */; };
		D551DF10216C9E9300F9EAEF /* HistoryRecordNavigationBar.m in Sources */ = {isa = PBXBuildFile; fileRef = D551DF0F216C9E9300F9EAEF /* HistoryRecordNavigationBar.m */; };
		D551DF14216CA74600F9EAEF /* HistoryRecordReusableView.m in Sources */ = {isa = PBXBuildFile; fileRef = D551DF12216CA74600F9EAEF /* HistoryRecordReusableView.m */; };
		D551DF15216CA74600F9EAEF /* HistoryRecordReusableView.xib in Resources */ = {isa = PBXBuildFile; fileRef = D551DF13216CA74600F9EAEF /* HistoryRecordReusableView.xib */; };
		D55515E821756BB900BE2A44 /* IndustryInformationDetailsVC.m in Sources */ = {isa = PBXBuildFile; fileRef = D55515E721756BB900BE2A44 /* IndustryInformationDetailsVC.m */; };
		D55515EC21756C4000BE2A44 /* IndustryInformationDetailsBottomView.m in Sources */ = {isa = PBXBuildFile; fileRef = D55515EB21756C4000BE2A44 /* IndustryInformationDetailsBottomView.m */; };
		D558F4BA2174229E00EA2C57 /* UIView+Toast.m in Sources */ = {isa = PBXBuildFile; fileRef = D558F4B92174229D00EA2C57 /* UIView+Toast.m */; };
		D558F4C1217478EE00EA2C57 /* HistorySearchFlowLayout.m in Sources */ = {isa = PBXBuildFile; fileRef = D558F4C0217478EE00EA2C57 /* HistorySearchFlowLayout.m */; };
		D565B9A921814D8400FF314D /* UIImage+Category.m in Sources */ = {isa = PBXBuildFile; fileRef = D565B9A821814D8400FF314D /* UIImage+Category.m */; };
		D56A877F216067AB00545B6F /* AppDelegate.m in Sources */ = {isa = PBXBuildFile; fileRef = D56A877E216067AB00545B6F /* AppDelegate.m */; };
		D56A8782216067AB00545B6F /* ViewController.m in Sources */ = {isa = PBXBuildFile; fileRef = D56A8781216067AB00545B6F /* ViewController.m */; };
		D56A8787216067B400545B6F /* Assets.xcassets in Resources */ = {isa = PBXBuildFile; fileRef = D56A8786216067B400545B6F /* Assets.xcassets */; };
		D56A878A216067B400545B6F /* LaunchScreen.storyboard in Resources */ = {isa = PBXBuildFile; fileRef = D56A8788216067B400545B6F /* LaunchScreen.storyboard */; };
		D56A878D216067B400545B6F /* main.m in Sources */ = {isa = PBXBuildFile; fileRef = D56A878C216067B400545B6F /* main.m */; };
		D56A8797216067B400545B6F /* __2Tests.m in Sources */ = {isa = PBXBuildFile; fileRef = D56A8796216067B400545B6F /* __2Tests.m */; };
		D56A87A2216067B400545B6F /* __2UITests.m in Sources */ = {isa = PBXBuildFile; fileRef = D56A87A1216067B400545B6F /* __2UITests.m */; };
		D56A87B521606C3000545B6F /* NavigationController.m in Sources */ = {isa = PBXBuildFile; fileRef = D56A87B421606C3000545B6F /* NavigationController.m */; };
		D56A87B921606EC300545B6F /* HomeVC.m in Sources */ = {isa = PBXBuildFile; fileRef = D56A87B821606EC300545B6F /* HomeVC.m */; };
		D56A87BE216074C000545B6F /* HomeNavigationBar.m in Sources */ = {isa = PBXBuildFile; fileRef = D56A87BD216074C000545B6F /* HomeNavigationBar.m */; };
		D56A87C121607C5900545B6F /* UIView+Category.m in Sources */ = {isa = PBXBuildFile; fileRef = D56A87C021607C5900545B6F /* UIView+Category.m */; };
		D56A87C521609F9F00545B6F /* MyChannelVC.m in Sources */ = {isa = PBXBuildFile; fileRef = D56A87C421609F9F00545B6F /* MyChannelVC.m */; };
		D56A87C82160A07900545B6F /* ClassVC.m in Sources */ = {isa = PBXBuildFile; fileRef = D56A87C72160A07900545B6F /* ClassVC.m */; };
		D56CDF6D218046E50021F215 /* IndexTableView.m in Sources */ = {isa = PBXBuildFile; fileRef = D56CDF6C218046E50021F215 /* IndexTableView.m */; };
		D56CDF7121804AA10021F215 /* IndexTableViewCell.m in Sources */ = {isa = PBXBuildFile; fileRef = D56CDF6F21804AA10021F215 /* IndexTableViewCell.m */; };
		D56CDF7221804AA10021F215 /* IndexTableViewCell.xib in Resources */ = {isa = PBXBuildFile; fileRef = D56CDF7021804AA10021F215 /* IndexTableViewCell.xib */; };
		D578CD262170828E00327FCD /* HistorySearchCell.m in Sources */ = {isa = PBXBuildFile; fileRef = D578CD242170828E00327FCD /* HistorySearchCell.m */; };
		D578CD272170828E00327FCD /* HistorySearchCell.xib in Resources */ = {isa = PBXBuildFile; fileRef = D578CD252170828E00327FCD /* HistorySearchCell.xib */; };
		D578CD2B2170839300327FCD /* HistorySearchReusableView.m in Sources */ = {isa = PBXBuildFile; fileRef = D578CD292170839300327FCD /* HistorySearchReusableView.m */; };
		D578CD2C2170839300327FCD /* HistorySearchReusableView.xib in Resources */ = {isa = PBXBuildFile; fileRef = D578CD2A2170839300327FCD /* HistorySearchReusableView.xib */; };
		D583B8BC216ADF0E00D848C3 /* UIScrollView+Category.m in Sources */ = {isa = PBXBuildFile; fileRef = D583B8BB216ADF0E00D848C3 /* UIScrollView+Category.m */; };
		D583B8C1216AF03000D848C3 /* ClassContentCell1.m in Sources */ = {isa = PBXBuildFile; fileRef = D583B8C0216AF03000D848C3 /* ClassContentCell1.m */; };
		D58D12652182C1040097CBD6 /* UITableView+EmptyData.m in Sources */ = {isa = PBXBuildFile; fileRef = D58D12642182C1040097CBD6 /* UITableView+EmptyData.m */; };
		D594933E217F11F900DDED24 /* InformationDetailsCell1.m in Sources */ = {isa = PBXBuildFile; fileRef = D594933C217F11F900DDED24 /* InformationDetailsCell1.m */; };
		D594933F217F11F900DDED24 /* InformationDetailsCell1.xib in Resources */ = {isa = PBXBuildFile; fileRef = D594933D217F11F900DDED24 /* InformationDetailsCell1.xib */; };
		D5949343217F120900DDED24 /* InformationDetailsCell2.m in Sources */ = {isa = PBXBuildFile; fileRef = D5949341217F120900DDED24 /* InformationDetailsCell2.m */; };
		D5949344217F120900DDED24 /* InformationDetailsCell2.xib in Resources */ = {isa = PBXBuildFile; fileRef = D5949342217F120900DDED24 /* InformationDetailsCell2.xib */; };
		D5949348217F121900DDED24 /* InformationDetailsCell3.m in Sources */ = {isa = PBXBuildFile; fileRef = D5949346217F121900DDED24 /* InformationDetailsCell3.m */; };
		D5949349217F121900DDED24 /* InformationDetailsCell3.xib in Resources */ = {isa = PBXBuildFile; fileRef = D5949347217F121900DDED24 /* InformationDetailsCell3.xib */; };
		D594934D217F122A00DDED24 /* InformationDetailsCell4.m in Sources */ = {isa = PBXBuildFile; fileRef = D594934B217F122A00DDED24 /* InformationDetailsCell4.m */; };
		D594934E217F122A00DDED24 /* InformationDetailsCell4.xib in Resources */ = {isa = PBXBuildFile; fileRef = D594934C217F122A00DDED24 /* InformationDetailsCell4.xib */; };
		D5949351217F1CE900DDED24 /* InformationDetailsSectionFooter.m in Sources */ = {isa = PBXBuildFile; fileRef = D5949350217F1CE900DDED24 /* InformationDetailsSectionFooter.m */; };
		D5BE21B1217D77050034EDDE /* NotificationService.m in Sources */ = {isa = PBXBuildFile; fileRef = D5BE21B0217D77050034EDDE /* NotificationService.m */; };
		D5BE21B5217D77050034EDDE /* NotificationService.appex in Embed App Extensions */ = {isa = PBXBuildFile; fileRef = D5BE21AD217D77040034EDDE /* NotificationService.appex */; settings = {ATTRIBUTES = (RemoveHeadersOnCopy, ); }; };
		D5BE21BB217D9CEA0034EDDE /* CommonConst.m in Sources */ = {isa = PBXBuildFile; fileRef = D5BE21BA217D9CEA0034EDDE /* CommonConst.m */; };
		D5C68BAD2179C86700710719 /* UserNotifications.framework in Frameworks */ = {isa = PBXBuildFile; fileRef = D5C68BAC2179C86700710719 /* UserNotifications.framework */; };
		D5C68BB42179E10A00710719 /* NotificationCenter.framework in Frameworks */ = {isa = PBXBuildFile; fileRef = D5C68BB32179E10A00710719 /* NotificationCenter.framework */; };
		D5C68BB82179E10A00710719 /* TodayViewController.m in Sources */ = {isa = PBXBuildFile; fileRef = D5C68BB72179E10A00710719 /* TodayViewController.m */; };
		D5C68BBB2179E10A00710719 /* MainInterface.storyboard in Resources */ = {isa = PBXBuildFile; fileRef = D5C68BB92179E10A00710719 /* MainInterface.storyboard */; };
		D5C68BBF2179E10A00710719 /* TodayWidget.appex in Embed App Extensions */ = {isa = PBXBuildFile; fileRef = D5C68BB22179E10A00710719 /* TodayWidget.appex */; settings = {ATTRIBUTES = (RemoveHeadersOnCopy, ); }; };
/* End PBXBuildFile section */

/* Begin PBXContainerItemProxy section */
		D56A8793216067B400545B6F /* PBXContainerItemProxy */ = {
			isa = PBXContainerItemProxy;
			containerPortal = D56A8772216067AB00545B6F /* Project object */;
			proxyType = 1;
			remoteGlobalIDString = D56A8779216067AB00545B6F;
			remoteInfo = "考核2";
		};
		D56A879E216067B400545B6F /* PBXContainerItemProxy */ = {
			isa = PBXContainerItemProxy;
			containerPortal = D56A8772216067AB00545B6F /* Project object */;
			proxyType = 1;
			remoteGlobalIDString = D56A8779216067AB00545B6F;
			remoteInfo = "考核2";
		};
		D5BE21B3217D77050034EDDE /* PBXContainerItemProxy */ = {
			isa = PBXContainerItemProxy;
			containerPortal = D56A8772216067AB00545B6F /* Project object */;
			proxyType = 1;
			remoteGlobalIDString = D5BE21AC217D77040034EDDE;
			remoteInfo = NotificationService;
		};
		D5C68BBD2179E10A00710719 /* PBXContainerItemProxy */ = {
			isa = PBXContainerItemProxy;
			containerPortal = D56A8772216067AB00545B6F /* Project object */;
			proxyType = 1;
			remoteGlobalIDString = D5C68BB12179E10A00710719;
			remoteInfo = TodayWidget;
		};
/* End PBXContainerItemProxy section */

/* Begin PBXCopyFilesBuildPhase section */
		D5C68BC32179E10A00710719 /* Embed App Extensions */ = {
			isa = PBXCopyFilesBuildPhase;
			buildActionMask = 2147483647;
			dstPath = "";
			dstSubfolderSpec = 13;
			files = (
				D5C68BBF2179E10A00710719 /* TodayWidget.appex in Embed App Extensions */,
				D5BE21B5217D77050034EDDE /* NotificationService.appex in Embed App Extensions */,
			);
			name = "Embed App Extensions";
			runOnlyForDeploymentPostprocessing = 0;
		};
/* End PBXCopyFilesBuildPhase section */

/* Begin PBXFileReference section */
		2060BE6D8C2A16D9394F63AE /* Pods-考核2.debug.xcconfig */ = {isa = PBXFileReference; includeInIndex = 1; lastKnownFileType = text.xcconfig; name = "Pods-考核2.debug.xcconfig"; path = "Pods/Target Support Files/Pods-考核2/Pods-考核2.debug.xcconfig"; sourceTree = "<group>"; };
		3DD91B937A60AC816F070C88 /* libPods-考核2.a */ = {isa = PBXFileReference; explicitFileType = archive.ar; includeInIndex = 0; path = "libPods-考核2.a"; sourceTree = BUILT_PRODUCTS_DIR; };
		7B0663566FF621BEE536D29C /* Pods-考核2.release.xcconfig */ = {isa = PBXFileReference; includeInIndex = 1; lastKnownFileType = text.xcconfig; name = "Pods-考核2.release.xcconfig"; path = "Pods/Target Support Files/Pods-考核2/Pods-考核2.release.xcconfig"; sourceTree = "<group>"; };
		D526B601216AF64E00CB2E6B /* ClassModel.h */ = {isa = PBXFileReference; lastKnownFileType = sourcecode.c.h; path = ClassModel.h; sourceTree = "<group>"; };
		D526B602216AF64E00CB2E6B /* ClassModel.m */ = {isa = PBXFileReference; lastKnownFileType = sourcecode.c.objc; path = ClassModel.m; sourceTree = "<group>"; };
		D526B605216AFDC700CB2E6B /* ClassAdCell.h */ = {isa = PBXFileReference; lastKnownFileType = sourcecode.c.h; path = ClassAdCell.h; sourceTree = "<group>"; };
		D526B606216AFDC700CB2E6B /* ClassAdCell.m */ = {isa = PBXFileReference; lastKnownFileType = sourcecode.c.objc; path = ClassAdCell.m; sourceTree = "<group>"; };
		D526B607216AFDC700CB2E6B /* ClassAdCell.xib */ = {isa = PBXFileReference; lastKnownFileType = file.xib; path = ClassAdCell.xib; sourceTree = "<group>"; };
		D538C6552176BC8400EF47F2 /* IndustryInformationDetailsCell2.h */ = {isa = PBXFileReference; lastKnownFileType = sourcecode.c.h; path = IndustryInformationDetailsCell2.h; sourceTree = "<group>"; };
		D538C6562176BC8400EF47F2 /* IndustryInformationDetailsCell2.m */ = {isa = PBXFileReference; lastKnownFileType = sourcecode.c.objc; path = IndustryInformationDetailsCell2.m; sourceTree = "<group>"; };
		D538C6572176BC8400EF47F2 /* IndustryInformationDetailsCell2.xib */ = {isa = PBXFileReference; lastKnownFileType = file.xib; path = IndustryInformationDetailsCell2.xib; sourceTree = "<group>"; };
		D53F59A32175837E005A7F13 /* InformationPersonalPageVC.h */ = {isa = PBXFileReference; lastKnownFileType = sourcecode.c.h; path = InformationPersonalPageVC.h; sourceTree = "<group>"; };
		D53F59A42175837E005A7F13 /* InformationPersonalPageVC.m */ = {isa = PBXFileReference; lastKnownFileType = sourcecode.c.objc; path = InformationPersonalPageVC.m; sourceTree = "<group>"; };
		D53F59A721758FA8005A7F13 /* InformationPersonalPageNavigationBar.h */ = {isa = PBXFileReference; lastKnownFileType = sourcecode.c.h; path = InformationPersonalPageNavigationBar.h; sourceTree = "<group>"; };
		D53F59A821758FA8005A7F13 /* InformationPersonalPageNavigationBar.m */ = {isa = PBXFileReference; lastKnownFileType = sourcecode.c.objc; path = InformationPersonalPageNavigationBar.m; sourceTree = "<group>"; };
		D53F59AA2175B8B4005A7F13 /* InformationPersonalPageHeaderView.h */ = {isa = PBXFileReference; lastKnownFileType = sourcecode.c.h; path = InformationPersonalPageHeaderView.h; sourceTree = "<group>"; };
		D53F59AB2175B8B4005A7F13 /* InformationPersonalPageHeaderView.m */ = {isa = PBXFileReference; lastKnownFileType = sourcecode.c.objc; path = InformationPersonalPageHeaderView.m; sourceTree = "<group>"; };
		D53F59AD2175C106005A7F13 /* InformationPersonalPageSectionView.h */ = {isa = PBXFileReference; lastKnownFileType = sourcecode.c.h; path = InformationPersonalPageSectionView.h; sourceTree = "<group>"; };
		D53F59AE2175C106005A7F13 /* InformationPersonalPageSectionView.m */ = {isa = PBXFileReference; lastKnownFileType = sourcecode.c.objc; path = InformationPersonalPageSectionView.m; sourceTree = "<group>"; };
		D53F59B02175CCE6005A7F13 /* InformationPersonalPageCell1.h */ = {isa = PBXFileReference; lastKnownFileType = sourcecode.c.h; path = InformationPersonalPageCell1.h; sourceTree = "<group>"; };
		D53F59B12175CCE6005A7F13 /* InformationPersonalPageCell1.m */ = {isa = PBXFileReference; lastKnownFileType = sourcecode.c.objc; path = InformationPersonalPageCell1.m; sourceTree = "<group>"; };
		D53F59B22175CCE6005A7F13 /* InformationPersonalPageCell1.xib */ = {isa = PBXFileReference; lastKnownFileType = file.xib; path = InformationPersonalPageCell1.xib; sourceTree = "<group>"; };
		D53F59B52175D943005A7F13 /* IndustryInformationDetailsCell1.h */ = {isa = PBXFileReference; lastKnownFileType = sourcecode.c.h; path = IndustryInformationDetailsCell1.h; sourceTree = "<group>"; };
		D53F59B62175D943005A7F13 /* IndustryInformationDetailsCell1.m */ = {isa = PBXFileReference; lastKnownFileType = sourcecode.c.objc; path = IndustryInformationDetailsCell1.m; sourceTree = "<group>"; };
		D53F59B72175D943005A7F13 /* IndustryInformationDetailsCell1.xib */ = {isa = PBXFileReference; lastKnownFileType = file.xib; path = IndustryInformationDetailsCell1.xib; sourceTree = "<group>"; };
		D5404740217EA605008F4007 /* SCIndexView.h */ = {isa = PBXFileReference; fileEncoding = 4; lastKnownFileType = sourcecode.c.h; path = SCIndexView.h; sourceTree = "<group>"; };
		D5404741217EA605008F4007 /* SCIndexView.m */ = {isa = PBXFileReference; fileEncoding = 4; lastKnownFileType = sourcecode.c.objc; path = SCIndexView.m; sourceTree = "<group>"; };
		D5404742217EA605008F4007 /* SCIndexViewConfiguration.h */ = {isa = PBXFileReference; fileEncoding = 4; lastKnownFileType = sourcecode.c.h; path = SCIndexViewConfiguration.h; sourceTree = "<group>"; };
		D5404743217EA605008F4007 /* SCIndexViewConfiguration.m */ = {isa = PBXFileReference; fileEncoding = 4; lastKnownFileType = sourcecode.c.objc; path = SCIndexViewConfiguration.m; sourceTree = "<group>"; };
		D5404744217EA605008F4007 /* UITableView+SCIndexView.h */ = {isa = PBXFileReference; fileEncoding = 4; lastKnownFileType = sourcecode.c.h; path = "UITableView+SCIndexView.h"; sourceTree = "<group>"; };
		D5404745217EA605008F4007 /* UITableView+SCIndexView.m */ = {isa = PBXFileReference; fileEncoding = 4; lastKnownFileType = sourcecode.c.objc; path = "UITableView+SCIndexView.m"; sourceTree = "<group>"; };
		D540474A217EB367008F4007 /* IndustryInformationDetailsModel.h */ = {isa = PBXFileReference; lastKnownFileType = sourcecode.c.h; path = IndustryInformationDetailsModel.h; sourceTree = "<group>"; };
		D540474B217EB367008F4007 /* IndustryInformationDetailsModel.m */ = {isa = PBXFileReference; lastKnownFileType = sourcecode.c.objc; path = IndustryInformationDetailsModel.m; sourceTree = "<group>"; };
		D540474D217EBB48008F4007 /* InformationPersonalPageCell2.h */ = {isa = PBXFileReference; lastKnownFileType = sourcecode.c.h; path = InformationPersonalPageCell2.h; sourceTree = "<group>"; };
		D540474E217EBB48008F4007 /* InformationPersonalPageCell2.m */ = {isa = PBXFileReference; lastKnownFileType = sourcecode.c.objc; path = InformationPersonalPageCell2.m; sourceTree = "<group>"; };
		D540474F217EBB48008F4007 /* InformationPersonalPageCell2.xib */ = {isa = PBXFileReference; lastKnownFileType = file.xib; path = InformationPersonalPageCell2.xib; sourceTree = "<group>"; };
		D5404752217EBBE2008F4007 /* InformationPersonalPageCell3.h */ = {isa = PBXFileReference; lastKnownFileType = sourcecode.c.h; path = InformationPersonalPageCell3.h; sourceTree = "<group>"; };
		D5404753217EBBE2008F4007 /* InformationPersonalPageCell3.m */ = {isa = PBXFileReference; lastKnownFileType = sourcecode.c.objc; path = InformationPersonalPageCell3.m; sourceTree = "<group>"; };
		D5404754217EBBE2008F4007 /* InformationPersonalPageCell3.xib */ = {isa = PBXFileReference; lastKnownFileType = file.xib; path = InformationPersonalPageCell3.xib; sourceTree = "<group>"; };
		D5404757217EBBEF008F4007 /* InformationPersonalPageCell4.h */ = {isa = PBXFileReference; lastKnownFileType = sourcecode.c.h; path = InformationPersonalPageCell4.h; sourceTree = "<group>"; };
		D5404758217EBBEF008F4007 /* InformationPersonalPageCell4.m */ = {isa = PBXFileReference; lastKnownFileType = sourcecode.c.objc; path = InformationPersonalPageCell4.m; sourceTree = "<group>"; };
		D5404759217EBBEF008F4007 /* InformationPersonalPageCell4.xib */ = {isa = PBXFileReference; lastKnownFileType = file.xib; path = InformationPersonalPageCell4.xib; sourceTree = "<group>"; };
		D540475D217EFC1D008F4007 /* InformationDetailsVC.h */ = {isa = PBXFileReference; lastKnownFileType = sourcecode.c.h; path = InformationDetailsVC.h; sourceTree = "<group>"; };
		D540475E217EFC1D008F4007 /* InformationDetailsVC.m */ = {isa = PBXFileReference; lastKnownFileType = sourcecode.c.objc; path = InformationDetailsVC.m; sourceTree = "<group>"; };
		D5404761217F0249008F4007 /* InformationDetailsSectionHeader.h */ = {isa = PBXFileReference; lastKnownFileType = sourcecode.c.h; path = InformationDetailsSectionHeader.h; sourceTree = "<group>"; };
		D5404762217F0249008F4007 /* InformationDetailsSectionHeader.m */ = {isa = PBXFileReference; lastKnownFileType = sourcecode.c.objc; path = InformationDetailsSectionHeader.m; sourceTree = "<group>"; };
		D5404764217F06C6008F4007 /* ClassContentCell3.h */ = {isa = PBXFileReference; lastKnownFileType = sourcecode.c.h; path = ClassContentCell3.h; sourceTree = "<group>"; };
		D5404765217F06C6008F4007 /* ClassContentCell3.m */ = {isa = PBXFileReference; lastKnownFileType = sourcecode.c.objc; path = ClassContentCell3.m; sourceTree = "<group>"; };
		D5404766217F06C6008F4007 /* ClassContentCell3.xib */ = {isa = PBXFileReference; lastKnownFileType = file.xib; path = ClassContentCell3.xib; sourceTree = "<group>"; };
		D5405171216D9260001C44B0 /* HistoryRecordCell.h */ = {isa = PBXFileReference; lastKnownFileType = sourcecode.c.h; path = HistoryRecordCell.h; sourceTree = "<group>"; };
		D5405172216D9260001C44B0 /* HistoryRecordCell.m */ = {isa = PBXFileReference; lastKnownFileType = sourcecode.c.objc; path = HistoryRecordCell.m; sourceTree = "<group>"; };
		D5405173216D9261001C44B0 /* HistoryRecordCell.xib */ = {isa = PBXFileReference; lastKnownFileType = file.xib; path = HistoryRecordCell.xib; sourceTree = "<group>"; };
		D5405178216DF239001C44B0 /* ClassSearchVC.h */ = {isa = PBXFileReference; lastKnownFileType = sourcecode.c.h; path = ClassSearchVC.h; sourceTree = "<group>"; };
		D5405179216DF239001C44B0 /* ClassSearchVC.m */ = {isa = PBXFileReference; lastKnownFileType = sourcecode.c.objc; path = ClassSearchVC.m; sourceTree = "<group>"; };
		D540517F216DF400001C44B0 /* InformationSearchVC.h */ = {isa = PBXFileReference; lastKnownFileType = sourcecode.c.h; path = InformationSearchVC.h; sourceTree = "<group>"; };
		D5405180216DF400001C44B0 /* InformationSearchVC.m */ = {isa = PBXFileReference; lastKnownFileType = sourcecode.c.objc; path = InformationSearchVC.m; sourceTree = "<group>"; };
		D551DEF2216C4B7900F9EAEF /* CustomChannelVC.h */ = {isa = PBXFileReference; lastKnownFileType = sourcecode.c.h; path = CustomChannelVC.h; sourceTree = "<group>"; };
		D551DEF3216C4B7900F9EAEF /* CustomChannelVC.m */ = {isa = PBXFileReference; lastKnownFileType = sourcecode.c.objc; path = CustomChannelVC.m; sourceTree = "<group>"; };
		D551DEF6216C4F1600F9EAEF /* CustomChannelNavigationBar.h */ = {isa = PBXFileReference; lastKnownFileType = sourcecode.c.h; path = CustomChannelNavigationBar.h; sourceTree = "<group>"; };
		D551DEF7216C4F1600F9EAEF /* CustomChannelNavigationBar.m */ = {isa = PBXFileReference; lastKnownFileType = sourcecode.c.objc; path = CustomChannelNavigationBar.m; sourceTree = "<group>"; };
		D551DEF9216C53CA00F9EAEF /* CustomChannelAlertView.h */ = {isa = PBXFileReference; lastKnownFileType = sourcecode.c.h; path = CustomChannelAlertView.h; sourceTree = "<group>"; };
		D551DEFA216C53CA00F9EAEF /* CustomChannelAlertView.m */ = {isa = PBXFileReference; lastKnownFileType = sourcecode.c.objc; path = CustomChannelAlertView.m; sourceTree = "<group>"; };
		D551DEFC216C772E00F9EAEF /* HistoryRecordVC.h */ = {isa = PBXFileReference; lastKnownFileType = sourcecode.c.h; path = HistoryRecordVC.h; sourceTree = "<group>"; };
		D551DEFD216C772E00F9EAEF /* HistoryRecordVC.m */ = {isa = PBXFileReference; lastKnownFileType = sourcecode.c.objc; path = HistoryRecordVC.m; sourceTree = "<group>"; };
		D551DEFF216C774D00F9EAEF /* HistorySearchVC.h */ = {isa = PBXFileReference; lastKnownFileType = sourcecode.c.h; path = HistorySearchVC.h; sourceTree = "<group>"; };
		D551DF00216C774D00F9EAEF /* HistorySearchVC.m */ = {isa = PBXFileReference; lastKnownFileType = sourcecode.c.objc; path = HistorySearchVC.m; sourceTree = "<group>"; };
		D551DF02216C783F00F9EAEF /* ClassContentCell2.h */ = {isa = PBXFileReference; lastKnownFileType = sourcecode.c.h; path = ClassContentCell2.h; sourceTree = "<group>"; };
		D551DF03216C783F00F9EAEF /* ClassContentCell2.m */ = {isa = PBXFileReference; lastKnownFileType = sourcecode.c.objc; path = ClassContentCell2.m; sourceTree = "<group>"; };
		D551DF04216C783F00F9EAEF /* ClassContentCell2.xib */ = {isa = PBXFileReference; lastKnownFileType = file.xib; path = ClassContentCell2.xib; sourceTree = "<group>"; };
		D551DF08216C870700F9EAEF /* MyChannelCell.h */ = {isa = PBXFileReference; lastKnownFileType = sourcecode.c.h; path = MyChannelCell.h; sourceTree = "<group>"; };
		D551DF09216C870700F9EAEF /* MyChannelCell.m */ = {isa = PBXFileReference; lastKnownFileType = sourcecode.c.objc; path = MyChannelCell.m; sourceTree = "<group>"; };
		D551DF0A216C870700F9EAEF /* MyChannelCell.xib */ = {isa = PBXFileReference; lastKnownFileType = file.xib; path = MyChannelCell.xib; sourceTree = "<group>"; };
		D551DF0E216C9E9300F9EAEF /* HistoryRecordNavigationBar.h */ = {isa = PBXFileReference; lastKnownFileType = sourcecode.c.h; path = HistoryRecordNavigationBar.h; sourceTree = "<group>"; };
		D551DF0F216C9E9300F9EAEF /* HistoryRecordNavigationBar.m */ = {isa = PBXFileReference; lastKnownFileType = sourcecode.c.objc; path = HistoryRecordNavigationBar.m; sourceTree = "<group>"; };
		D551DF11216CA74600F9EAEF /* HistoryRecordReusableView.h */ = {isa = PBXFileReference; lastKnownFileType = sourcecode.c.h; path = HistoryRecordReusableView.h; sourceTree = "<group>"; };
		D551DF12216CA74600F9EAEF /* HistoryRecordReusableView.m */ = {isa = PBXFileReference; lastKnownFileType = sourcecode.c.objc; path = HistoryRecordReusableView.m; sourceTree = "<group>"; };
		D551DF13216CA74600F9EAEF /* HistoryRecordReusableView.xib */ = {isa = PBXFileReference; lastKnownFileType = file.xib; path = HistoryRecordReusableView.xib; sourceTree = "<group>"; };
		D55515E621756BB900BE2A44 /* IndustryInformationDetailsVC.h */ = {isa = PBXFileReference; lastKnownFileType = sourcecode.c.h; path = IndustryInformationDetailsVC.h; sourceTree = "<group>"; };
		D55515E721756BB900BE2A44 /* IndustryInformationDetailsVC.m */ = {isa = PBXFileReference; lastKnownFileType = sourcecode.c.objc; path = IndustryInformationDetailsVC.m; sourceTree = "<group>"; };
		D55515EA21756C4000BE2A44 /* IndustryInformationDetailsBottomView.h */ = {isa = PBXFileReference; lastKnownFileType = sourcecode.c.h; path = IndustryInformationDetailsBottomView.h; sourceTree = "<group>"; };
		D55515EB21756C4000BE2A44 /* IndustryInformationDetailsBottomView.m */ = {isa = PBXFileReference; lastKnownFileType = sourcecode.c.objc; path = IndustryInformationDetailsBottomView.m; sourceTree = "<group>"; };
		D558F4B82174229D00EA2C57 /* UIView+Toast.h */ = {isa = PBXFileReference; fileEncoding = 4; lastKnownFileType = sourcecode.c.h; path = "UIView+Toast.h"; sourceTree = "<group>"; };
		D558F4B92174229D00EA2C57 /* UIView+Toast.m */ = {isa = PBXFileReference; fileEncoding = 4; lastKnownFileType = sourcecode.c.objc; path = "UIView+Toast.m"; sourceTree = "<group>"; };
		D558F4BF217478EE00EA2C57 /* HistorySearchFlowLayout.h */ = {isa = PBXFileReference; lastKnownFileType = sourcecode.c.h; path = HistorySearchFlowLayout.h; sourceTree = "<group>"; };
		D558F4C0217478EE00EA2C57 /* HistorySearchFlowLayout.m */ = {isa = PBXFileReference; lastKnownFileType = sourcecode.c.objc; path = HistorySearchFlowLayout.m; sourceTree = "<group>"; };
		D565B9A721814D8400FF314D /* UIImage+Category.h */ = {isa = PBXFileReference; lastKnownFileType = sourcecode.c.h; path = "UIImage+Category.h"; sourceTree = "<group>"; };
		D565B9A821814D8400FF314D /* UIImage+Category.m */ = {isa = PBXFileReference; lastKnownFileType = sourcecode.c.objc; path = "UIImage+Category.m"; sourceTree = "<group>"; };
		D56A877A216067AB00545B6F /* 考核2.app */ = {isa = PBXFileReference; explicitFileType = wrapper.application; includeInIndex = 0; path = "考核2.app"; sourceTree = BUILT_PRODUCTS_DIR; };
		D56A877D216067AB00545B6F /* AppDelegate.h */ = {isa = PBXFileReference; lastKnownFileType = sourcecode.c.h; path = AppDelegate.h; sourceTree = "<group>"; };
		D56A877E216067AB00545B6F /* AppDelegate.m */ = {isa = PBXFileReference; lastKnownFileType = sourcecode.c.objc; path = AppDelegate.m; sourceTree = "<group>"; };
		D56A8780216067AB00545B6F /* ViewController.h */ = {isa = PBXFileReference; lastKnownFileType = sourcecode.c.h; path = ViewController.h; sourceTree = "<group>"; };
		D56A8781216067AB00545B6F /* ViewController.m */ = {isa = PBXFileReference; lastKnownFileType = sourcecode.c.objc; path = ViewController.m; sourceTree = "<group>"; };
		D56A8786216067B400545B6F /* Assets.xcassets */ = {isa = PBXFileReference; lastKnownFileType = folder.assetcatalog; path = Assets.xcassets; sourceTree = "<group>"; };
		D56A8789216067B400545B6F /* Base */ = {isa = PBXFileReference; lastKnownFileType = file.storyboard; name = Base; path = Base.lproj/LaunchScreen.storyboard; sourceTree = "<group>"; };
		D56A878B216067B400545B6F /* Info.plist */ = {isa = PBXFileReference; lastKnownFileType = text.plist.xml; path = Info.plist; sourceTree = "<group>"; };
		D56A878C216067B400545B6F /* main.m */ = {isa = PBXFileReference; lastKnownFileType = sourcecode.c.objc; path = main.m; sourceTree = "<group>"; };
		D56A8792216067B400545B6F /* 考核2Tests.xctest */ = {isa = PBXFileReference; explicitFileType = wrapper.cfbundle; includeInIndex = 0; path = "考核2Tests.xctest"; sourceTree = BUILT_PRODUCTS_DIR; };
		D56A8796216067B400545B6F /* __2Tests.m */ = {isa = PBXFileReference; lastKnownFileType = sourcecode.c.objc; path = __2Tests.m; sourceTree = "<group>"; };
		D56A8798216067B400545B6F /* Info.plist */ = {isa = PBXFileReference; lastKnownFileType = text.plist.xml; path = Info.plist; sourceTree = "<group>"; };
		D56A879D216067B400545B6F /* 考核2UITests.xctest */ = {isa = PBXFileReference; explicitFileType = wrapper.cfbundle; includeInIndex = 0; path = "考核2UITests.xctest"; sourceTree = BUILT_PRODUCTS_DIR; };
		D56A87A1216067B400545B6F /* __2UITests.m */ = {isa = PBXFileReference; lastKnownFileType = sourcecode.c.objc; path = __2UITests.m; sourceTree = "<group>"; };
		D56A87A3216067B400545B6F /* Info.plist */ = {isa = PBXFileReference; lastKnownFileType = text.plist.xml; path = Info.plist; sourceTree = "<group>"; };
		D56A87B321606C3000545B6F /* NavigationController.h */ = {isa = PBXFileReference; fileEncoding = 4; lastKnownFileType = sourcecode.c.h; path = NavigationController.h; sourceTree = "<group>"; };
		D56A87B421606C3000545B6F /* NavigationController.m */ = {isa = PBXFileReference; fileEncoding = 4; lastKnownFileType = sourcecode.c.objc; path = NavigationController.m; sourceTree = "<group>"; };
		D56A87B721606EC300545B6F /* HomeVC.h */ = {isa = PBXFileReference; lastKnownFileType = sourcecode.c.h; path = HomeVC.h; sourceTree = "<group>"; };
		D56A87B821606EC300545B6F /* HomeVC.m */ = {isa = PBXFileReference; lastKnownFileType = sourcecode.c.objc; path = HomeVC.m; sourceTree = "<group>"; };
		D56A87BB2160723500545B6F /* PrefixHeader.pch */ = {isa = PBXFileReference; lastKnownFileType = sourcecode.c.h; path = PrefixHeader.pch; sourceTree = "<group>"; };
		D56A87BC216074C000545B6F /* HomeNavigationBar.h */ = {isa = PBXFileReference; lastKnownFileType = sourcecode.c.h; path = HomeNavigationBar.h; sourceTree = "<group>"; };
		D56A87BD216074C000545B6F /* HomeNavigationBar.m */ = {isa = PBXFileReference; lastKnownFileType = sourcecode.c.objc; path = HomeNavigationBar.m; sourceTree = "<group>"; };
		D56A87BF21607C5900545B6F /* UIView+Category.h */ = {isa = PBXFileReference; fileEncoding = 4; lastKnownFileType = sourcecode.c.h; path = "UIView+Category.h"; sourceTree = "<group>"; };
		D56A87C021607C5900545B6F /* UIView+Category.m */ = {isa = PBXFileReference; fileEncoding = 4; lastKnownFileType = sourcecode.c.objc; path = "UIView+Category.m"; sourceTree = "<group>"; };
		D56A87C321609F9F00545B6F /* MyChannelVC.h */ = {isa = PBXFileReference; lastKnownFileType = sourcecode.c.h; path = MyChannelVC.h; sourceTree = "<group>"; };
		D56A87C421609F9F00545B6F /* MyChannelVC.m */ = {isa = PBXFileReference; lastKnownFileType = sourcecode.c.objc; path = MyChannelVC.m; sourceTree = "<group>"; };
		D56A87C62160A07900545B6F /* ClassVC.h */ = {isa = PBXFileReference; lastKnownFileType = sourcecode.c.h; path = ClassVC.h; sourceTree = "<group>"; };
		D56A87C72160A07900545B6F /* ClassVC.m */ = {isa = PBXFileReference; lastKnownFileType = sourcecode.c.objc; path = ClassVC.m; sourceTree = "<group>"; };
		D56CDF6B218046E50021F215 /* IndexTableView.h */ = {isa = PBXFileReference; lastKnownFileType = sourcecode.c.h; path = IndexTableView.h; sourceTree = "<group>"; };
		D56CDF6C218046E50021F215 /* IndexTableView.m */ = {isa = PBXFileReference; lastKnownFileType = sourcecode.c.objc; path = IndexTableView.m; sourceTree = "<group>"; };
		D56CDF6E21804AA10021F215 /* IndexTableViewCell.h */ = {isa = PBXFileReference; lastKnownFileType = sourcecode.c.h; path = IndexTableViewCell.h; sourceTree = "<group>"; };
		D56CDF6F21804AA10021F215 /* IndexTableViewCell.m */ = {isa = PBXFileReference; lastKnownFileType = sourcecode.c.objc; path = IndexTableViewCell.m; sourceTree = "<group>"; };
		D56CDF7021804AA10021F215 /* IndexTableViewCell.xib */ = {isa = PBXFileReference; lastKnownFileType = file.xib; path = IndexTableViewCell.xib; sourceTree = "<group>"; };
		D578CD232170828E00327FCD /* HistorySearchCell.h */ = {isa = PBXFileReference; lastKnownFileType = sourcecode.c.h; path = HistorySearchCell.h; sourceTree = "<group>"; };
		D578CD242170828E00327FCD /* HistorySearchCell.m */ = {isa = PBXFileReference; lastKnownFileType = sourcecode.c.objc; path = HistorySearchCell.m; sourceTree = "<group>"; };
		D578CD252170828E00327FCD /* HistorySearchCell.xib */ = {isa = PBXFileReference; lastKnownFileType = file.xib; path = HistorySearchCell.xib; sourceTree = "<group>"; };
		D578CD282170839300327FCD /* HistorySearchReusableView.h */ = {isa = PBXFileReference; lastKnownFileType = sourcecode.c.h; path = HistorySearchReusableView.h; sourceTree = "<group>"; };
		D578CD292170839300327FCD /* HistorySearchReusableView.m */ = {isa = PBXFileReference; lastKnownFileType = sourcecode.c.objc; path = HistorySearchReusableView.m; sourceTree = "<group>"; };
		D578CD2A2170839300327FCD /* HistorySearchReusableView.xib */ = {isa = PBXFileReference; lastKnownFileType = file.xib; path = HistorySearchReusableView.xib; sourceTree = "<group>"; };
		D583B8BA216ADF0E00D848C3 /* UIScrollView+Category.h */ = {isa = PBXFileReference; lastKnownFileType = sourcecode.c.h; path = "UIScrollView+Category.h"; sourceTree = "<group>"; };
		D583B8BB216ADF0E00D848C3 /* UIScrollView+Category.m */ = {isa = PBXFileReference; lastKnownFileType = sourcecode.c.objc; path = "UIScrollView+Category.m"; sourceTree = "<group>"; };
		D583B8BF216AF03000D848C3 /* ClassContentCell1.h */ = {isa = PBXFileReference; lastKnownFileType = sourcecode.c.h; path = ClassContentCell1.h; sourceTree = "<group>"; };
		D583B8C0216AF03000D848C3 /* ClassContentCell1.m */ = {isa = PBXFileReference; lastKnownFileType = sourcecode.c.objc; path = ClassContentCell1.m; sourceTree = "<group>"; };
		D58D12632182C1040097CBD6 /* UITableView+EmptyData.h */ = {isa = PBXFileReference; lastKnownFileType = sourcecode.c.h; path = "UITableView+EmptyData.h"; sourceTree = "<group>"; };
		D58D12642182C1040097CBD6 /* UITableView+EmptyData.m */ = {isa = PBXFileReference; lastKnownFileType = sourcecode.c.objc; path = "UITableView+EmptyData.m"; sourceTree = "<group>"; };
		D594933B217F11F900DDED24 /* InformationDetailsCell1.h */ = {isa = PBXFileReference; lastKnownFileType = sourcecode.c.h; path = InformationDetailsCell1.h; sourceTree = "<group>"; };
		D594933C217F11F900DDED24 /* InformationDetailsCell1.m */ = {isa = PBXFileReference; lastKnownFileType = sourcecode.c.objc; path = InformationDetailsCell1.m; sourceTree = "<group>"; };
		D594933D217F11F900DDED24 /* InformationDetailsCell1.xib */ = {isa = PBXFileReference; lastKnownFileType = file.xib; path = InformationDetailsCell1.xib; sourceTree = "<group>"; };
		D5949340217F120900DDED24 /* InformationDetailsCell2.h */ = {isa = PBXFileReference; lastKnownFileType = sourcecode.c.h; path = InformationDetailsCell2.h; sourceTree = "<group>"; };
		D5949341217F120900DDED24 /* InformationDetailsCell2.m */ = {isa = PBXFileReference; lastKnownFileType = sourcecode.c.objc; path = InformationDetailsCell2.m; sourceTree = "<group>"; };
		D5949342217F120900DDED24 /* InformationDetailsCell2.xib */ = {isa = PBXFileReference; lastKnownFileType = file.xib; path = InformationDetailsCell2.xib; sourceTree = "<group>"; };
		D5949345217F121900DDED24 /* InformationDetailsCell3.h */ = {isa = PBXFileReference; lastKnownFileType = sourcecode.c.h; path = InformationDetailsCell3.h; sourceTree = "<group>"; };
		D5949346217F121900DDED24 /* InformationDetailsCell3.m */ = {isa = PBXFileReference; lastKnownFileType = sourcecode.c.objc; path = InformationDetailsCell3.m; sourceTree = "<group>"; };
		D5949347217F121900DDED24 /* InformationDetailsCell3.xib */ = {isa = PBXFileReference; lastKnownFileType = file.xib; path = InformationDetailsCell3.xib; sourceTree = "<group>"; };
		D594934A217F122A00DDED24 /* InformationDetailsCell4.h */ = {isa = PBXFileReference; lastKnownFileType = sourcecode.c.h; path = InformationDetailsCell4.h; sourceTree = "<group>"; };
		D594934B217F122A00DDED24 /* InformationDetailsCell4.m */ = {isa = PBXFileReference; lastKnownFileType = sourcecode.c.objc; path = InformationDetailsCell4.m; sourceTree = "<group>"; };
		D594934C217F122A00DDED24 /* InformationDetailsCell4.xib */ = {isa = PBXFileReference; lastKnownFileType = file.xib; path = InformationDetailsCell4.xib; sourceTree = "<group>"; };
		D594934F217F1CE900DDED24 /* InformationDetailsSectionFooter.h */ = {isa = PBXFileReference; lastKnownFileType = sourcecode.c.h; path = InformationDetailsSectionFooter.h; sourceTree = "<group>"; };
		D5949350217F1CE900DDED24 /* InformationDetailsSectionFooter.m */ = {isa = PBXFileReference; lastKnownFileType = sourcecode.c.objc; path = InformationDetailsSectionFooter.m; sourceTree = "<group>"; };
		D5BE21AD217D77040034EDDE /* NotificationService.appex */ = {isa = PBXFileReference; explicitFileType = "wrapper.app-extension"; includeInIndex = 0; path = NotificationService.appex; sourceTree = BUILT_PRODUCTS_DIR; };
		D5BE21AF217D77050034EDDE /* NotificationService.h */ = {isa = PBXFileReference; lastKnownFileType = sourcecode.c.h; path = NotificationService.h; sourceTree = "<group>"; };
		D5BE21B0217D77050034EDDE /* NotificationService.m */ = {isa = PBXFileReference; lastKnownFileType = sourcecode.c.objc; path = NotificationService.m; sourceTree = "<group>"; };
		D5BE21B2217D77050034EDDE /* Info.plist */ = {isa = PBXFileReference; lastKnownFileType = text.plist.xml; path = Info.plist; sourceTree = "<group>"; };
		D5BE21B9217D9CEA0034EDDE /* CommonConst.h */ = {isa = PBXFileReference; lastKnownFileType = sourcecode.c.h; path = CommonConst.h; sourceTree = "<group>"; };
		D5BE21BA217D9CEA0034EDDE /* CommonConst.m */ = {isa = PBXFileReference; lastKnownFileType = sourcecode.c.objc; path = CommonConst.m; sourceTree = "<group>"; };
		D5C68BAC2179C86700710719 /* UserNotifications.framework */ = {isa = PBXFileReference; lastKnownFileType = wrapper.framework; name = UserNotifications.framework; path = System/Library/Frameworks/UserNotifications.framework; sourceTree = SDKROOT; };
		D5C68BB22179E10A00710719 /* TodayWidget.appex */ = {isa = PBXFileReference; explicitFileType = "wrapper.app-extension"; includeInIndex = 0; path = TodayWidget.appex; sourceTree = BUILT_PRODUCTS_DIR; };
		D5C68BB32179E10A00710719 /* NotificationCenter.framework */ = {isa = PBXFileReference; lastKnownFileType = wrapper.framework; name = NotificationCenter.framework; path = System/Library/Frameworks/NotificationCenter.framework; sourceTree = SDKROOT; };
		D5C68BB62179E10A00710719 /* TodayViewController.h */ = {isa = PBXFileReference; lastKnownFileType = sourcecode.c.h; path = TodayViewController.h; sourceTree = "<group>"; };
		D5C68BB72179E10A00710719 /* TodayViewController.m */ = {isa = PBXFileReference; lastKnownFileType = sourcecode.c.objc; path = TodayViewController.m; sourceTree = "<group>"; };
		D5C68BBA2179E10A00710719 /* Base */ = {isa = PBXFileReference; lastKnownFileType = file.storyboard; name = Base; path = Base.lproj/MainInterface.storyboard; sourceTree = "<group>"; };
		D5C68BBC2179E10A00710719 /* Info.plist */ = {isa = PBXFileReference; lastKnownFileType = text.plist.xml; path = Info.plist; sourceTree = "<group>"; };
		D5C68BC42179E28A00710719 /* 考核2.entitlements */ = {isa = PBXFileReference; lastKnownFileType = text.plist.entitlements; path = "考核2.entitlements"; sourceTree = "<group>"; };
		D5C68BC52179E2D200710719 /* TodayWidget.entitlements */ = {isa = PBXFileReference; lastKnownFileType = text.plist.entitlements; path = TodayWidget.entitlements; sourceTree = "<group>"; };
/* End PBXFileReference section */

/* Begin PBXFrameworksBuildPhase section */
		D56A8777216067AB00545B6F /* Frameworks */ = {
			isa = PBXFrameworksBuildPhase;
			buildActionMask = 2147483647;
			files = (
				D5C68BAD2179C86700710719 /* UserNotifications.framework in Frameworks */,
				8187B6E610FAA751C9DC40FF /* libPods-考核2.a in Frameworks */,
			);
			runOnlyForDeploymentPostprocessing = 0;
		};
		D56A878F216067B400545B6F /* Frameworks */ = {
			isa = PBXFrameworksBuildPhase;
			buildActionMask = 2147483647;
			files = (
			);
			runOnlyForDeploymentPostprocessing = 0;
		};
		D56A879A216067B400545B6F /* Frameworks */ = {
			isa = PBXFrameworksBuildPhase;
			buildActionMask = 2147483647;
			files = (
			);
			runOnlyForDeploymentPostprocessing = 0;
		};
		D5BE21AA217D77040034EDDE /* Frameworks */ = {
			isa = PBXFrameworksBuildPhase;
			buildActionMask = 2147483647;
			files = (
			);
			runOnlyForDeploymentPostprocessing = 0;
		};
		D5C68BAF2179E10A00710719 /* Frameworks */ = {
			isa = PBXFrameworksBuildPhase;
			buildActionMask = 2147483647;
			files = (
				D5C68BB42179E10A00710719 /* NotificationCenter.framework in Frameworks */,
			);
			runOnlyForDeploymentPostprocessing = 0;
		};
/* End PBXFrameworksBuildPhase section */

/* Begin PBXGroup section */
		23F651BF6BB6B19F162C6104 /* Pods */ = {
			isa = PBXGroup;
			children = (
				2060BE6D8C2A16D9394F63AE /* Pods-考核2.debug.xcconfig */,
				7B0663566FF621BEE536D29C /* Pods-考核2.release.xcconfig */,
			);
			name = Pods;
			sourceTree = "<group>";
		};
		B7DCE758E9E86C33AB0801E1 /* Frameworks */ = {
			isa = PBXGroup;
			children = (
				D5C68BAC2179C86700710719 /* UserNotifications.framework */,
				3DD91B937A60AC816F070C88 /* libPods-考核2.a */,
				D5C68BB32179E10A00710719 /* NotificationCenter.framework */,
			);
			name = Frameworks;
			sourceTree = "<group>";
		};
		D526B600216AF62E00CB2E6B /* Model */ = {
			isa = PBXGroup;
			children = (
				D526B601216AF64E00CB2E6B /* ClassModel.h */,
				D526B602216AF64E00CB2E6B /* ClassModel.m */,
			);
			path = Model;
			sourceTree = "<group>";
		};
		D53F59A221758353005A7F13 /* 资讯个人主页 */ = {
			isa = PBXGroup;
			children = (
				D53F59A32175837E005A7F13 /* InformationPersonalPageVC.h */,
				D53F59A42175837E005A7F13 /* InformationPersonalPageVC.m */,
				D53F59A621758514005A7F13 /* View */,
			);
			path = "资讯个人主页";
			sourceTree = "<group>";
		};
		D53F59A621758514005A7F13 /* View */ = {
			isa = PBXGroup;
			children = (
				D53F59A721758FA8005A7F13 /* InformationPersonalPageNavigationBar.h */,
				D53F59A821758FA8005A7F13 /* InformationPersonalPageNavigationBar.m */,
				D53F59AA2175B8B4005A7F13 /* InformationPersonalPageHeaderView.h */,
				D53F59AB2175B8B4005A7F13 /* InformationPersonalPageHeaderView.m */,
				D53F59AD2175C106005A7F13 /* InformationPersonalPageSectionView.h */,
				D53F59AE2175C106005A7F13 /* InformationPersonalPageSectionView.m */,
				D53F59B02175CCE6005A7F13 /* InformationPersonalPageCell1.h */,
				D53F59B12175CCE6005A7F13 /* InformationPersonalPageCell1.m */,
				D53F59B22175CCE6005A7F13 /* InformationPersonalPageCell1.xib */,
				D540474D217EBB48008F4007 /* InformationPersonalPageCell2.h */,
				D540474E217EBB48008F4007 /* InformationPersonalPageCell2.m */,
				D540474F217EBB48008F4007 /* InformationPersonalPageCell2.xib */,
				D5404752217EBBE2008F4007 /* InformationPersonalPageCell3.h */,
				D5404753217EBBE2008F4007 /* InformationPersonalPageCell3.m */,
				D5404754217EBBE2008F4007 /* InformationPersonalPageCell3.xib */,
				D5404757217EBBEF008F4007 /* InformationPersonalPageCell4.h */,
				D5404758217EBBEF008F4007 /* InformationPersonalPageCell4.m */,
				D5404759217EBBEF008F4007 /* InformationPersonalPageCell4.xib */,
			);
			path = View;
			sourceTree = "<group>";
		};
		D540473F217EA605008F4007 /* SCIndexView */ = {
			isa = PBXGroup;
			children = (
				D5404740217EA605008F4007 /* SCIndexView.h */,
				D5404741217EA605008F4007 /* SCIndexView.m */,
				D5404742217EA605008F4007 /* SCIndexViewConfiguration.h */,
				D5404743217EA605008F4007 /* SCIndexViewConfiguration.m */,
				D5404744217EA605008F4007 /* UITableView+SCIndexView.h */,
				D5404745217EA605008F4007 /* UITableView+SCIndexView.m */,
			);
			path = SCIndexView;
			sourceTree = "<group>";
		};
		D5404749217EB301008F4007 /* Model */ = {
			isa = PBXGroup;
			children = (
				D540474A217EB367008F4007 /* IndustryInformationDetailsModel.h */,
				D540474B217EB367008F4007 /* IndustryInformationDetailsModel.m */,
			);
			path = Model;
			sourceTree = "<group>";
		};
		D540475C217EFBD4008F4007 /* 行业资讯_详情Web */ = {
			isa = PBXGroup;
			children = (
				D540475D217EFC1D008F4007 /* InformationDetailsVC.h */,
				D540475E217EFC1D008F4007 /* InformationDetailsVC.m */,
				D5404760217F01E1008F4007 /* View */,
			);
			path = "行业资讯_详情Web";
			sourceTree = "<group>";
		};
		D5404760217F01E1008F4007 /* View */ = {
			isa = PBXGroup;
			children = (
				D5404761217F0249008F4007 /* InformationDetailsSectionHeader.h */,
				D5404762217F0249008F4007 /* InformationDetailsSectionHeader.m */,
				D594933B217F11F900DDED24 /* InformationDetailsCell1.h */,
				D594933C217F11F900DDED24 /* InformationDetailsCell1.m */,
				D594933D217F11F900DDED24 /* InformationDetailsCell1.xib */,
				D5949340217F120900DDED24 /* InformationDetailsCell2.h */,
				D5949341217F120900DDED24 /* InformationDetailsCell2.m */,
				D5949342217F120900DDED24 /* InformationDetailsCell2.xib */,
				D5949345217F121900DDED24 /* InformationDetailsCell3.h */,
				D5949346217F121900DDED24 /* InformationDetailsCell3.m */,
				D5949347217F121900DDED24 /* InformationDetailsCell3.xib */,
				D594934A217F122A00DDED24 /* InformationDetailsCell4.h */,
				D594934B217F122A00DDED24 /* InformationDetailsCell4.m */,
				D594934C217F122A00DDED24 /* InformationDetailsCell4.xib */,
				D594934F217F1CE900DDED24 /* InformationDetailsSectionFooter.h */,
				D5949350217F1CE900DDED24 /* InformationDetailsSectionFooter.m */,
			);
			path = View;
			sourceTree = "<group>";
		};
		D5405176216DE886001C44B0 /* 分类-搜索结果 */ = {
			isa = PBXGroup;
			children = (
				D5405178216DF239001C44B0 /* ClassSearchVC.h */,
				D5405179216DF239001C44B0 /* ClassSearchVC.m */,
			);
			path = "分类-搜索结果";
			sourceTree = "<group>";
		};
		D5405177216DE8A0001C44B0 /* 资讯-搜索结果 */ = {
			isa = PBXGroup;
			children = (
				D540517F216DF400001C44B0 /* InformationSearchVC.h */,
				D5405180216DF400001C44B0 /* InformationSearchVC.m */,
			);
			path = "资讯-搜索结果";
			sourceTree = "<group>";
		};
		D551DEF1216C4B3F00F9EAEF /* 定制频道 */ = {
			isa = PBXGroup;
			children = (
				D551DEF2216C4B7900F9EAEF /* CustomChannelVC.h */,
				D551DEF3216C4B7900F9EAEF /* CustomChannelVC.m */,
				D551DEF5216C4ED200F9EAEF /* View */,
			);
			path = "定制频道";
			sourceTree = "<group>";
		};
		D551DEF5216C4ED200F9EAEF /* View */ = {
			isa = PBXGroup;
			children = (
				D551DEF6216C4F1600F9EAEF /* CustomChannelNavigationBar.h */,
				D551DEF7216C4F1600F9EAEF /* CustomChannelNavigationBar.m */,
				D551DEF9216C53CA00F9EAEF /* CustomChannelAlertView.h */,
				D551DEFA216C53CA00F9EAEF /* CustomChannelAlertView.m */,
			);
			path = View;
			sourceTree = "<group>";
		};
		D551DF07216C86ED00F9EAEF /* View */ = {
			isa = PBXGroup;
			children = (
				D551DF08216C870700F9EAEF /* MyChannelCell.h */,
				D551DF09216C870700F9EAEF /* MyChannelCell.m */,
				D551DF0A216C870700F9EAEF /* MyChannelCell.xib */,
			);
			path = View;
			sourceTree = "<group>";
		};
		D551DF0D216C9E7A00F9EAEF /* View */ = {
			isa = PBXGroup;
			children = (
				D551DF0E216C9E9300F9EAEF /* HistoryRecordNavigationBar.h */,
				D551DF0F216C9E9300F9EAEF /* HistoryRecordNavigationBar.m */,
				D551DF11216CA74600F9EAEF /* HistoryRecordReusableView.h */,
				D551DF12216CA74600F9EAEF /* HistoryRecordReusableView.m */,
				D551DF13216CA74600F9EAEF /* HistoryRecordReusableView.xib */,
				D5405171216D9260001C44B0 /* HistoryRecordCell.h */,
				D5405172216D9260001C44B0 /* HistoryRecordCell.m */,
				D5405173216D9261001C44B0 /* HistoryRecordCell.xib */,
			);
			path = View;
			sourceTree = "<group>";
		};
		D55515E521756B4E00BE2A44 /* 行业资讯_详情 */ = {
			isa = PBXGroup;
			children = (
				D55515E621756BB900BE2A44 /* IndustryInformationDetailsVC.h */,
				D55515E721756BB900BE2A44 /* IndustryInformationDetailsVC.m */,
				D5404749217EB301008F4007 /* Model */,
				D55515E921756C2800BE2A44 /* View */,
			);
			path = "行业资讯_详情";
			sourceTree = "<group>";
		};
		D55515E921756C2800BE2A44 /* View */ = {
			isa = PBXGroup;
			children = (
				D55515EA21756C4000BE2A44 /* IndustryInformationDetailsBottomView.h */,
				D55515EB21756C4000BE2A44 /* IndustryInformationDetailsBottomView.m */,
				D53F59B52175D943005A7F13 /* IndustryInformationDetailsCell1.h */,
				D53F59B62175D943005A7F13 /* IndustryInformationDetailsCell1.m */,
				D53F59B72175D943005A7F13 /* IndustryInformationDetailsCell1.xib */,
				D538C6552176BC8400EF47F2 /* IndustryInformationDetailsCell2.h */,
				D538C6562176BC8400EF47F2 /* IndustryInformationDetailsCell2.m */,
				D538C6572176BC8400EF47F2 /* IndustryInformationDetailsCell2.xib */,
			);
			path = View;
			sourceTree = "<group>";
		};
		D558F4B72174229D00EA2C57 /* toast */ = {
			isa = PBXGroup;
			children = (
				D558F4B82174229D00EA2C57 /* UIView+Toast.h */,
				D558F4B92174229D00EA2C57 /* UIView+Toast.m */,
			);
			path = toast;
			sourceTree = "<group>";
		};
		D56A8771216067AB00545B6F = {
			isa = PBXGroup;
			children = (
				D56A877C216067AB00545B6F /* 考核2 */,
				D56A8795216067B400545B6F /* 考核2Tests */,
				D56A87A0216067B400545B6F /* 考核2UITests */,
				D5C68BB52179E10A00710719 /* TodayWidget */,
				D5BE21AE217D77050034EDDE /* NotificationService */,
				D56A877B216067AB00545B6F /* Products */,
				23F651BF6BB6B19F162C6104 /* Pods */,
				B7DCE758E9E86C33AB0801E1 /* Frameworks */,
			);
			sourceTree = "<group>";
		};
		D56A877B216067AB00545B6F /* Products */ = {
			isa = PBXGroup;
			children = (
				D56A877A216067AB00545B6F /* 考核2.app */,
				D56A8792216067B400545B6F /* 考核2Tests.xctest */,
				D56A879D216067B400545B6F /* 考核2UITests.xctest */,
				D5C68BB22179E10A00710719 /* TodayWidget.appex */,
				D5BE21AD217D77040034EDDE /* NotificationService.appex */,
			);
			name = Products;
			sourceTree = "<group>";
		};
		D56A877C216067AB00545B6F /* 考核2 */ = {
			isa = PBXGroup;
			children = (
				D5C68BC42179E28A00710719 /* 考核2.entitlements */,
				D56A877D216067AB00545B6F /* AppDelegate.h */,
				D56A877E216067AB00545B6F /* AppDelegate.m */,
				D56A8780216067AB00545B6F /* ViewController.h */,
				D56A8781216067AB00545B6F /* ViewController.m */,
				D56A87BF21607C5900545B6F /* UIView+Category.h */,
				D56A87C021607C5900545B6F /* UIView+Category.m */,
				D583B8BA216ADF0E00D848C3 /* UIScrollView+Category.h */,
				D583B8BB216ADF0E00D848C3 /* UIScrollView+Category.m */,
				D565B9A721814D8400FF314D /* UIImage+Category.h */,
				D565B9A821814D8400FF314D /* UIImage+Category.m */,
				D58D12632182C1040097CBD6 /* UITableView+EmptyData.h */,
				D58D12642182C1040097CBD6 /* UITableView+EmptyData.m */,
				D5BE21B9217D9CEA0034EDDE /* CommonConst.h */,
				D5BE21BA217D9CEA0034EDDE /* CommonConst.m */,
				D56CDF6B218046E50021F215 /* IndexTableView.h */,
				D56CDF6C218046E50021F215 /* IndexTableView.m */,
				D56CDF6E21804AA10021F215 /* IndexTableViewCell.h */,
				D56CDF6F21804AA10021F215 /* IndexTableViewCell.m */,
				D56CDF7021804AA10021F215 /* IndexTableViewCell.xib */,
				D540473F217EA605008F4007 /* SCIndexView */,
				D558F4B72174229D00EA2C57 /* toast */,
				D56A87BB2160723500545B6F /* PrefixHeader.pch */,
				D56A87CA2160B93A00545B6F /* 历史搜索 */,
				D56A87C92160B92800545B6F /* 历史记录 */,
				D56A87C221609F5A00545B6F /* 我的频道 */,
				D56A87B621606EAA00545B6F /* 首页 */,
				D56A87B221606C3000545B6F /* 导航控制器 */,
				D56A8786216067B400545B6F /* Assets.xcassets */,
				D56A8788216067B400545B6F /* LaunchScreen.storyboard */,
				D56A878B216067B400545B6F /* Info.plist */,
				D56A878C216067B400545B6F /* main.m */,
			);
			path = "考核2";
			sourceTree = "<group>";
		};
		D56A8795216067B400545B6F /* 考核2Tests */ = {
			isa = PBXGroup;
			children = (
				D56A8796216067B400545B6F /* __2Tests.m */,
				D56A8798216067B400545B6F /* Info.plist */,
			);
			path = "考核2Tests";
			sourceTree = "<group>";
		};
		D56A87A0216067B400545B6F /* 考核2UITests */ = {
			isa = PBXGroup;
			children = (
				D56A87A1216067B400545B6F /* __2UITests.m */,
				D56A87A3216067B400545B6F /* Info.plist */,
			);
			path = "考核2UITests";
			sourceTree = "<group>";
		};
		D56A87B221606C3000545B6F /* 导航控制器 */ = {
			isa = PBXGroup;
			children = (
				D56A87B321606C3000545B6F /* NavigationController.h */,
				D56A87B421606C3000545B6F /* NavigationController.m */,
			);
			path = "导航控制器";
			sourceTree = "<group>";
		};
		D56A87B621606EAA00545B6F /* 首页 */ = {
			isa = PBXGroup;
			children = (
				D56A87B721606EC300545B6F /* HomeVC.h */,
				D56A87B821606EC300545B6F /* HomeVC.m */,
				D56A87BA21606FE000545B6F /* View */,
				D583B8BD216AEFBB00D848C3 /* 首页分类 */,
			);
			path = "首页";
			sourceTree = "<group>";
		};
		D56A87BA21606FE000545B6F /* View */ = {
			isa = PBXGroup;
			children = (
				D56A87BC216074C000545B6F /* HomeNavigationBar.h */,
				D56A87BD216074C000545B6F /* HomeNavigationBar.m */,
			);
			path = View;
			sourceTree = "<group>";
		};
		D56A87C221609F5A00545B6F /* 我的频道 */ = {
			isa = PBXGroup;
			children = (
				D56A87C321609F9F00545B6F /* MyChannelVC.h */,
				D56A87C421609F9F00545B6F /* MyChannelVC.m */,
				D551DF07216C86ED00F9EAEF /* View */,
				D551DEF1216C4B3F00F9EAEF /* 定制频道 */,
			);
			path = "我的频道";
			sourceTree = "<group>";
		};
		D56A87C92160B92800545B6F /* 历史记录 */ = {
			isa = PBXGroup;
			children = (
				D551DEFC216C772E00F9EAEF /* HistoryRecordVC.h */,
				D551DEFD216C772E00F9EAEF /* HistoryRecordVC.m */,
				D551DF0D216C9E7A00F9EAEF /* View */,
				D5405176216DE886001C44B0 /* 分类-搜索结果 */,
			);
			path = "历史记录";
			sourceTree = "<group>";
		};
		D56A87CA2160B93A00545B6F /* 历史搜索 */ = {
			isa = PBXGroup;
			children = (
				D558F4BF217478EE00EA2C57 /* HistorySearchFlowLayout.h */,
				D558F4C0217478EE00EA2C57 /* HistorySearchFlowLayout.m */,
				D551DEFF216C774D00F9EAEF /* HistorySearchVC.h */,
				D551DF00216C774D00F9EAEF /* HistorySearchVC.m */,
				D578CD222170826100327FCD /* View */,
				D5405177216DE8A0001C44B0 /* 资讯-搜索结果 */,
			);
			path = "历史搜索";
			sourceTree = "<group>";
		};
		D578CD222170826100327FCD /* View */ = {
			isa = PBXGroup;
			children = (
				D578CD232170828E00327FCD /* HistorySearchCell.h */,
				D578CD242170828E00327FCD /* HistorySearchCell.m */,
				D578CD252170828E00327FCD /* HistorySearchCell.xib */,
				D578CD282170839300327FCD /* HistorySearchReusableView.h */,
				D578CD292170839300327FCD /* HistorySearchReusableView.m */,
				D578CD2A2170839300327FCD /* HistorySearchReusableView.xib */,
			);
			path = View;
			sourceTree = "<group>";
		};
		D583B8BD216AEFBB00D848C3 /* 首页分类 */ = {
			isa = PBXGroup;
			children = (
				D56A87C62160A07900545B6F /* ClassVC.h */,
				D56A87C72160A07900545B6F /* ClassVC.m */,
				D526B600216AF62E00CB2E6B /* Model */,
				D583B8BE216AEFDD00D848C3 /* View */,
				D540475C217EFBD4008F4007 /* 行业资讯_详情Web */,
				D53F59A221758353005A7F13 /* 资讯个人主页 */,
				D55515E521756B4E00BE2A44 /* 行业资讯_详情 */,
			);
			path = "首页分类";
			sourceTree = "<group>";
		};
		D583B8BE216AEFDD00D848C3 /* View */ = {
			isa = PBXGroup;
			children = (
				D583B8BF216AF03000D848C3 /* ClassContentCell1.h */,
				D583B8C0216AF03000D848C3 /* ClassContentCell1.m */,
				D551DF02216C783F00F9EAEF /* ClassContentCell2.h */,
				D551DF03216C783F00F9EAEF /* ClassContentCell2.m */,
				D551DF04216C783F00F9EAEF /* ClassContentCell2.xib */,
				D5404764217F06C6008F4007 /* ClassContentCell3.h */,
				D5404765217F06C6008F4007 /* ClassContentCell3.m */,
				D5404766217F06C6008F4007 /* ClassContentCell3.xib */,
				D526B605216AFDC700CB2E6B /* ClassAdCell.h */,
				D526B606216AFDC700CB2E6B /* ClassAdCell.m */,
				D526B607216AFDC700CB2E6B /* ClassAdCell.xib */,
			);
			path = View;
			sourceTree = "<group>";
		};
		D5BE21AE217D77050034EDDE /* NotificationService */ = {
			isa = PBXGroup;
			children = (
				D5BE21AF217D77050034EDDE /* NotificationService.h */,
				D5BE21B0217D77050034EDDE /* NotificationService.m */,
				D5BE21B2217D77050034EDDE /* Info.plist */,
			);
			path = NotificationService;
			sourceTree = "<group>";
		};
		D5C68BB52179E10A00710719 /* TodayWidget */ = {
			isa = PBXGroup;
			children = (
				D5C68BC52179E2D200710719 /* TodayWidget.entitlements */,
				D5C68BB62179E10A00710719 /* TodayViewController.h */,
				D5C68BB72179E10A00710719 /* TodayViewController.m */,
				D5C68BB92179E10A00710719 /* MainInterface.storyboard */,
				D5C68BBC2179E10A00710719 /* Info.plist */,
			);
			path = TodayWidget;
			sourceTree = "<group>";
		};
/* End PBXGroup section */

/* Begin PBXNativeTarget section */
		D56A8779216067AB00545B6F /* 考核2 */ = {
			isa = PBXNativeTarget;
			buildConfigurationList = D56A87A6216067B400545B6F /* Build configuration list for PBXNativeTarget "考核2" */;
			buildPhases = (
				E7E851F851A9FFA4AE266F23 /* [CP] Check Pods Manifest.lock */,
				D56A8776216067AB00545B6F /* Sources */,
				D56A8777216067AB00545B6F /* Frameworks */,
				D56A8778216067AB00545B6F /* Resources */,
				35F1B5C4D723F572F729A63B /* [CP] Copy Pods Resources */,
				D5C68BC32179E10A00710719 /* Embed App Extensions */,
			);
			buildRules = (
			);
			dependencies = (
				D5C68BBE2179E10A00710719 /* PBXTargetDependency */,
				D5BE21B4217D77050034EDDE /* PBXTargetDependency */,
			);
			name = "考核2";
			productName = "考核2";
			productReference = D56A877A216067AB00545B6F /* 考核2.app */;
			productType = "com.apple.product-type.application";
		};
		D56A8791216067B400545B6F /* 考核2Tests */ = {
			isa = PBXNativeTarget;
			buildConfigurationList = D56A87A9216067B400545B6F /* Build configuration list for PBXNativeTarget "考核2Tests" */;
			buildPhases = (
				D56A878E216067B400545B6F /* Sources */,
				D56A878F216067B400545B6F /* Frameworks */,
				D56A8790216067B400545B6F /* Resources */,
			);
			buildRules = (
			);
			dependencies = (
				D56A8794216067B400545B6F /* PBXTargetDependency */,
			);
			name = "考核2Tests";
			productName = "考核2Tests";
			productReference = D56A8792216067B400545B6F /* 考核2Tests.xctest */;
			productType = "com.apple.product-type.bundle.unit-test";
		};
		D56A879C216067B400545B6F /* 考核2UITests */ = {
			isa = PBXNativeTarget;
			buildConfigurationList = D56A87AC216067B400545B6F /* Build configuration list for PBXNativeTarget "考核2UITests" */;
			buildPhases = (
				D56A8799216067B400545B6F /* Sources */,
				D56A879A216067B400545B6F /* Frameworks */,
				D56A879B216067B400545B6F /* Resources */,
			);
			buildRules = (
			);
			dependencies = (
				D56A879F216067B400545B6F /* PBXTargetDependency */,
			);
			name = "考核2UITests";
			productName = "考核2UITests";
			productReference = D56A879D216067B400545B6F /* 考核2UITests.xctest */;
			productType = "com.apple.product-type.bundle.ui-testing";
		};
		D5BE21AC217D77040034EDDE /* NotificationService */ = {
			isa = PBXNativeTarget;
			buildConfigurationList = D5BE21B6217D77050034EDDE /* Build configuration list for PBXNativeTarget "NotificationService" */;
			buildPhases = (
				D5BE21A9217D77040034EDDE /* Sources */,
				D5BE21AA217D77040034EDDE /* Frameworks */,
				D5BE21AB217D77040034EDDE /* Resources */,
			);
			buildRules = (
			);
			dependencies = (
			);
			name = NotificationService;
			productName = NotificationService;
			productReference = D5BE21AD217D77040034EDDE /* NotificationService.appex */;
			productType = "com.apple.product-type.app-extension";
		};
		D5C68BB12179E10A00710719 /* TodayWidget */ = {
			isa = PBXNativeTarget;
			buildConfigurationList = D5C68BC02179E10A00710719 /* Build configuration list for PBXNativeTarget "TodayWidget" */;
			buildPhases = (
				D5C68BAE2179E10A00710719 /* Sources */,
				D5C68BAF2179E10A00710719 /* Frameworks */,
				D5C68BB02179E10A00710719 /* Resources */,
			);
			buildRules = (
			);
			dependencies = (
			);
			name = TodayWidget;
			productName = TodayWidget;
			productReference = D5C68BB22179E10A00710719 /* TodayWidget.appex */;
			productType = "com.apple.product-type.app-extension";
		};
/* End PBXNativeTarget section */

/* Begin PBXProject section */
		D56A8772216067AB00545B6F /* Project object */ = {
			isa = PBXProject;
			attributes = {
				LastUpgradeCheck = 0940;
				ORGANIZATIONNAME = "iOS 开发";
				TargetAttributes = {
					D56A8779216067AB00545B6F = {
						CreatedOnToolsVersion = 9.4.1;
						SystemCapabilities = {
							com.apple.ApplicationGroups.iOS = {
								enabled = 1;
							};
							com.apple.BackgroundModes = {
								enabled = 1;
							};
						};
					};
					D56A8791216067B400545B6F = {
						CreatedOnToolsVersion = 9.4.1;
						TestTargetID = D56A8779216067AB00545B6F;
					};
					D56A879C216067B400545B6F = {
						CreatedOnToolsVersion = 9.4.1;
						TestTargetID = D56A8779216067AB00545B6F;
					};
					D5BE21AC217D77040034EDDE = {
						CreatedOnToolsVersion = 9.4.1;
					};
					D5C68BB12179E10A00710719 = {
						CreatedOnToolsVersion = 9.4.1;
						SystemCapabilities = {
							com.apple.ApplicationGroups.iOS = {
								enabled = 1;
							};
						};
					};
				};
			};
			buildConfigurationList = D56A8775216067AB00545B6F /* Build configuration list for PBXProject "考核2" */;
			compatibilityVersion = "Xcode 9.3";
			developmentRegion = en;
			hasScannedForEncodings = 0;
			knownRegions = (
				en,
				Base,
			);
			mainGroup = D56A8771216067AB00545B6F;
			productRefGroup = D56A877B216067AB00545B6F /* Products */;
			projectDirPath = "";
			projectRoot = "";
			targets = (
				D56A8779216067AB00545B6F /* 考核2 */,
				D56A8791216067B400545B6F /* 考核2Tests */,
				D56A879C216067B400545B6F /* 考核2UITests */,
				D5C68BB12179E10A00710719 /* TodayWidget */,
				D5BE21AC217D77040034EDDE /* NotificationService */,
			);
		};
/* End PBXProject section */

/* Begin PBXResourcesBuildPhase section */
		D56A8778216067AB00545B6F /* Resources */ = {
			isa = PBXResourcesBuildPhase;
			buildActionMask = 2147483647;
			files = (
				D56A878A216067B400545B6F /* LaunchScreen.storyboard in Resources */,
				D551DF0C216C870700F9EAEF /* MyChannelCell.xib in Resources */,
				D578CD2C2170839300327FCD /* HistorySearchReusableView.xib in Resources */,
				D578CD272170828E00327FCD /* HistorySearchCell.xib in Resources */,
				D53F59B42175CCE6005A7F13 /* InformationPersonalPageCell1.xib in Resources */,
				D56CDF7221804AA10021F215 /* IndexTableViewCell.xib in Resources */,
				D551DF15216CA74600F9EAEF /* HistoryRecordReusableView.xib in Resources */,
				D56A8787216067B400545B6F /* Assets.xcassets in Resources */,
				D538C6592176BC8400EF47F2 /* IndustryInformationDetailsCell2.xib in Resources */,
				D5404756217EBBE2008F4007 /* InformationPersonalPageCell3.xib in Resources */,
				D5404751217EBB48008F4007 /* InformationPersonalPageCell2.xib in Resources */,
				D5404768217F06C6008F4007 /* ClassContentCell3.xib in Resources */,
				D540475B217EBBEF008F4007 /* InformationPersonalPageCell4.xib in Resources */,
				D594934E217F122A00DDED24 /* InformationDetailsCell4.xib in Resources */,
				D526B609216AFDC700CB2E6B /* ClassAdCell.xib in Resources */,
				D594933F217F11F900DDED24 /* InformationDetailsCell1.xib in Resources */,
				D5949344217F120900DDED24 /* InformationDetailsCell2.xib in Resources */,
				D5949349217F121900DDED24 /* InformationDetailsCell3.xib in Resources */,
				D551DF06216C783F00F9EAEF /* ClassContentCell2.xib in Resources */,
				D5405175216D9261001C44B0 /* HistoryRecordCell.xib in Resources */,
				D53F59B92175D943005A7F13 /* IndustryInformationDetailsCell1.xib in Resources */,
			);
			runOnlyForDeploymentPostprocessing = 0;
		};
		D56A8790216067B400545B6F /* Resources */ = {
			isa = PBXResourcesBuildPhase;
			buildActionMask = 2147483647;
			files = (
			);
			runOnlyForDeploymentPostprocessing = 0;
		};
		D56A879B216067B400545B6F /* Resources */ = {
			isa = PBXResourcesBuildPhase;
			buildActionMask = 2147483647;
			files = (
			);
			runOnlyForDeploymentPostprocessing = 0;
		};
		D5BE21AB217D77040034EDDE /* Resources */ = {
			isa = PBXResourcesBuildPhase;
			buildActionMask = 2147483647;
			files = (
			);
			runOnlyForDeploymentPostprocessing = 0;
		};
		D5C68BB02179E10A00710719 /* Resources */ = {
			isa = PBXResourcesBuildPhase;
			buildActionMask = 2147483647;
			files = (
				D5C68BBB2179E10A00710719 /* MainInterface.storyboard in Resources */,
			);
			runOnlyForDeploymentPostprocessing = 0;
		};
/* End PBXResourcesBuildPhase section */

/* Begin PBXShellScriptBuildPhase section */
		35F1B5C4D723F572F729A63B /* [CP] Copy Pods Resources */ = {
			isa = PBXShellScriptBuildPhase;
			buildActionMask = 2147483647;
			files = (
			);
			inputPaths = (
				"${SRCROOT}/Pods/Target Support Files/Pods-考核2/Pods-考核2-resources.sh",
				"${PODS_ROOT}/MJRefresh/MJRefresh/MJRefresh.bundle",
				"${PODS_ROOT}/UMCCommonLog/UMCommonLog/UMCommonLog.bundle",
				"${PODS_ROOT}/UMCShare/UMShare/UMSocialUI/UMSocialSDKResources.bundle",
			);
			name = "[CP] Copy Pods Resources";
			outputPaths = (
				"${TARGET_BUILD_DIR}/${UNLOCALIZED_RESOURCES_FOLDER_PATH}/MJRefresh.bundle",
				"${TARGET_BUILD_DIR}/${UNLOCALIZED_RESOURCES_FOLDER_PATH}/UMCommonLog.bundle",
				"${TARGET_BUILD_DIR}/${UNLOCALIZED_RESOURCES_FOLDER_PATH}/UMSocialSDKResources.bundle",
			);
			runOnlyForDeploymentPostprocessing = 0;
			shellPath = /bin/sh;
			shellScript = "\"${SRCROOT}/Pods/Target Support Files/Pods-考核2/Pods-考核2-resources.sh\"\n";
			showEnvVarsInLog = 0;
		};
		E7E851F851A9FFA4AE266F23 /* [CP] Check Pods Manifest.lock */ = {
			isa = PBXShellScriptBuildPhase;
			buildActionMask = 2147483647;
			files = (
			);
			inputPaths = (
				"${PODS_PODFILE_DIR_PATH}/Podfile.lock",
				"${PODS_ROOT}/Manifest.lock",
			);
			name = "[CP] Check Pods Manifest.lock";
			outputPaths = (
				"$(DERIVED_FILE_DIR)/Pods-考核2-checkManifestLockResult.txt",
			);
			runOnlyForDeploymentPostprocessing = 0;
			shellPath = /bin/sh;
			shellScript = "diff \"${PODS_PODFILE_DIR_PATH}/Podfile.lock\" \"${PODS_ROOT}/Manifest.lock\" > /dev/null\nif [ $? != 0 ] ; then\n    # print error to STDERR\n    echo \"error: The sandbox is not in sync with the Podfile.lock. Run 'pod install' or update your CocoaPods installation.\" >&2\n    exit 1\nfi\n# This output is used by Xcode 'outputs' to avoid re-running this script phase.\necho \"SUCCESS\" > \"${SCRIPT_OUTPUT_FILE_0}\"\n";
			showEnvVarsInLog = 0;
		};
/* End PBXShellScriptBuildPhase section */

/* Begin PBXSourcesBuildPhase section */
		D56A8776216067AB00545B6F /* Sources */ = {
			isa = PBXSourcesBuildPhase;
			buildActionMask = 2147483647;
			files = (
				D540475F217EFC1D008F4007 /* InformationDetailsVC.m in Sources */,
				D55515E821756BB900BE2A44 /* IndustryInformationDetailsVC.m in Sources */,
				D526B604216AF9C000CB2E6B /* ClassModel.h in Sources */,
				D5405181216DF400001C44B0 /* InformationSearchVC.m in Sources */,
				D5949351217F1CE900DDED24 /* InformationDetailsSectionFooter.m in Sources */,
				D526B5FF216AF3E900CB2E6B /* ClassContentCell1.h in Sources */,
				D5404767217F06C6008F4007 /* ClassContentCell3.m in Sources */,
				D53F59B82175D943005A7F13 /* IndustryInformationDetailsCell1.m in Sources */,
				D53F59A52175837E005A7F13 /* InformationPersonalPageVC.m in Sources */,
				D53F59AC2175B8B4005A7F13 /* InformationPersonalPageHeaderView.m in Sources */,
				D540474C217EB367008F4007 /* IndustryInformationDetailsModel.m in Sources */,
				D5404755217EBBE2008F4007 /* InformationPersonalPageCell3.m in Sources */,
				D56A87C521609F9F00545B6F /* MyChannelVC.m in Sources */,
				D5BE21BB217D9CEA0034EDDE /* CommonConst.m in Sources */,
				D583B8BC216ADF0E00D848C3 /* UIScrollView+Category.m in Sources */,
				D5949343217F120900DDED24 /* InformationDetailsCell2.m in Sources */,
				D56A87BE216074C000545B6F /* HomeNavigationBar.m in Sources */,
				D578CD262170828E00327FCD /* HistorySearchCell.m in Sources */,
				D56CDF7121804AA10021F215 /* IndexTableViewCell.m in Sources */,
				D5405174216D9261001C44B0 /* HistoryRecordCell.m in Sources */,
				D56CDF6D218046E50021F215 /* IndexTableView.m in Sources */,
				D551DF0B216C870700F9EAEF /* MyChannelCell.m in Sources */,
				D583B8C1216AF03000D848C3 /* ClassContentCell1.m in Sources */,
				D53F59B32175CCE6005A7F13 /* InformationPersonalPageCell1.m in Sources */,
				D56A87C121607C5900545B6F /* UIView+Category.m in Sources */,
				D56A8782216067AB00545B6F /* ViewController.m in Sources */,
				D540475A217EBBEF008F4007 /* InformationPersonalPageCell4.m in Sources */,
				D551DF05216C783F00F9EAEF /* ClassContentCell2.m in Sources */,
				D551DEFB216C53CA00F9EAEF /* CustomChannelAlertView.m in Sources */,
				D594934D217F122A00DDED24 /* InformationDetailsCell4.m in Sources */,
				D551DF01216C774D00F9EAEF /* HistorySearchVC.m in Sources */,
				D5404750217EBB48008F4007 /* InformationPersonalPageCell2.m in Sources */,
				D53F59A921758FA8005A7F13 /* InformationPersonalPageNavigationBar.m in Sources */,
				D56A87B521606C3000545B6F /* NavigationController.m in Sources */,
				D5404763217F0249008F4007 /* InformationDetailsSectionHeader.m in Sources */,
				D551DF14216CA74600F9EAEF /* HistoryRecordReusableView.m in Sources */,
				D551DEF8216C4F1600F9EAEF /* CustomChannelNavigationBar.m in Sources */,
				D558F4BA2174229E00EA2C57 /* UIView+Toast.m in Sources */,
				D551DEF4216C4B7900F9EAEF /* CustomChannelVC.m in Sources */,
				D526B603216AF64E00CB2E6B /* ClassModel.m in Sources */,
				D551DEFE216C772E00F9EAEF /* HistoryRecordVC.m in Sources */,
				D5949348217F121900DDED24 /* InformationDetailsCell3.m in Sources */,
				D5404746217EA605008F4007 /* SCIndexView.m in Sources */,
				D538C6582176BC8400EF47F2 /* IndustryInformationDetailsCell2.m in Sources */,
				D5404747217EA605008F4007 /* SCIndexViewConfiguration.m in Sources */,
				D565B9A921814D8400FF314D /* UIImage+Category.m in Sources */,
				D551DF10216C9E9300F9EAEF /* HistoryRecordNavigationBar.m in Sources */,
				D56A878D216067B400545B6F /* main.m in Sources */,
				D558F4C1217478EE00EA2C57 /* HistorySearchFlowLayout.m in Sources */,
				D53F59AF2175C106005A7F13 /* InformationPersonalPageSectionView.m in Sources */,
				D56A87B921606EC300545B6F /* HomeVC.m in Sources */,
				D5404748217EA605008F4007 /* UITableView+SCIndexView.m in Sources */,
				D56A87C82160A07900545B6F /* ClassVC.m in Sources */,
				D540517A216DF239001C44B0 /* ClassSearchVC.m in Sources */,
				D55515EC21756C4000BE2A44 /* IndustryInformationDetailsBottomView.m in Sources */,
				D56A877F216067AB00545B6F /* AppDelegate.m in Sources */,
				D594933E217F11F900DDED24 /* InformationDetailsCell1.m in Sources */,
				D578CD2B2170839300327FCD /* HistorySearchReusableView.m in Sources */,
				D526B608216AFDC700CB2E6B /* ClassAdCell.m in Sources */,
				D58D12652182C1040097CBD6 /* UITableView+EmptyData.m in Sources */,
			);
			runOnlyForDeploymentPostprocessing = 0;
		};
		D56A878E216067B400545B6F /* Sources */ = {
			isa = PBXSourcesBuildPhase;
			buildActionMask = 2147483647;
			files = (
				D56A8797216067B400545B6F /* __2Tests.m in Sources */,
			);
			runOnlyForDeploymentPostprocessing = 0;
		};
		D56A8799216067B400545B6F /* Sources */ = {
			isa = PBXSourcesBuildPhase;
			buildActionMask = 2147483647;
			files = (
				D56A87A2216067B400545B6F /* __2UITests.m in Sources */,
			);
			runOnlyForDeploymentPostprocessing = 0;
		};
		D5BE21A9217D77040034EDDE /* Sources */ = {
			isa = PBXSourcesBuildPhase;
			buildActionMask = 2147483647;
			files = (
				D5BE21B1217D77050034EDDE /* NotificationService.m in Sources */,
			);
			runOnlyForDeploymentPostprocessing = 0;
		};
		D5C68BAE2179E10A00710719 /* Sources */ = {
			isa = PBXSourcesBuildPhase;
			buildActionMask = 2147483647;
			files = (
				D5C68BB82179E10A00710719 /* TodayViewController.m in Sources */,
			);
			runOnlyForDeploymentPostprocessing = 0;
		};
/* End PBXSourcesBuildPhase section */

/* Begin PBXTargetDependency section */
		D56A8794216067B400545B6F /* PBXTargetDependency */ = {
			isa = PBXTargetDependency;
			target = D56A8779216067AB00545B6F /* 考核2 */;
			targetProxy = D56A8793216067B400545B6F /* PBXContainerItemProxy */;
		};
		D56A879F216067B400545B6F /* PBXTargetDependency */ = {
			isa = PBXTargetDependency;
			target = D56A8779216067AB00545B6F /* 考核2 */;
			targetProxy = D56A879E216067B400545B6F /* PBXContainerItemProxy */;
		};
		D5BE21B4217D77050034EDDE /* PBXTargetDependency */ = {
			isa = PBXTargetDependency;
			target = D5BE21AC217D77040034EDDE /* NotificationService */;
			targetProxy = D5BE21B3217D77050034EDDE /* PBXContainerItemProxy */;
		};
		D5C68BBE2179E10A00710719 /* PBXTargetDependency */ = {
			isa = PBXTargetDependency;
			target = D5C68BB12179E10A00710719 /* TodayWidget */;
			targetProxy = D5C68BBD2179E10A00710719 /* PBXContainerItemProxy */;
		};
/* End PBXTargetDependency section */

/* Begin PBXVariantGroup section */
		D56A8788216067B400545B6F /* LaunchScreen.storyboard */ = {
			isa = PBXVariantGroup;
			children = (
				D56A8789216067B400545B6F /* Base */,
			);
			name = LaunchScreen.storyboard;
			sourceTree = "<group>";
		};
		D5C68BB92179E10A00710719 /* MainInterface.storyboard */ = {
			isa = PBXVariantGroup;
			children = (
				D5C68BBA2179E10A00710719 /* Base */,
			);
			name = MainInterface.storyboard;
			sourceTree = "<group>";
		};
/* End PBXVariantGroup section */

/* Begin XCBuildConfiguration section */
		D56A87A4216067B400545B6F /* Debug */ = {
			isa = XCBuildConfiguration;
			buildSettings = {
				ALWAYS_SEARCH_USER_PATHS = NO;
				CLANG_ANALYZER_NONNULL = YES;
				CLANG_ANALYZER_NUMBER_OBJECT_CONVERSION = YES_AGGRESSIVE;
				CLANG_CXX_LANGUAGE_STANDARD = "gnu++14";
				CLANG_CXX_LIBRARY = "libc++";
				CLANG_ENABLE_MODULES = YES;
				CLANG_ENABLE_OBJC_ARC = YES;
				CLANG_ENABLE_OBJC_WEAK = YES;
				CLANG_WARN_BLOCK_CAPTURE_AUTORELEASING = YES;
				CLANG_WARN_BOOL_CONVERSION = YES;
				CLANG_WARN_COMMA = YES;
				CLANG_WARN_CONSTANT_CONVERSION = YES;
				CLANG_WARN_DEPRECATED_OBJC_IMPLEMENTATIONS = YES;
				CLANG_WARN_DIRECT_OBJC_ISA_USAGE = YES_ERROR;
				CLANG_WARN_DOCUMENTATION_COMMENTS = YES;
				CLANG_WARN_EMPTY_BODY = YES;
				CLANG_WARN_ENUM_CONVERSION = YES;
				CLANG_WARN_INFINITE_RECURSION = YES;
				CLANG_WARN_INT_CONVERSION = YES;
				CLANG_WARN_NON_LITERAL_NULL_CONVERSION = YES;
				CLANG_WARN_OBJC_IMPLICIT_RETAIN_SELF = YES;
				CLANG_WARN_OBJC_LITERAL_CONVERSION = YES;
				CLANG_WARN_OBJC_ROOT_CLASS = YES_ERROR;
				CLANG_WARN_RANGE_LOOP_ANALYSIS = YES;
				CLANG_WARN_STRICT_PROTOTYPES = YES;
				CLANG_WARN_SUSPICIOUS_MOVE = YES;
				CLANG_WARN_UNGUARDED_AVAILABILITY = YES_AGGRESSIVE;
				CLANG_WARN_UNREACHABLE_CODE = YES;
				CLANG_WARN__DUPLICATE_METHOD_MATCH = YES;
				CODE_SIGN_IDENTITY = "iPhone Developer";
				COPY_PHASE_STRIP = NO;
				DEBUG_INFORMATION_FORMAT = dwarf;
				ENABLE_STRICT_OBJC_MSGSEND = YES;
				ENABLE_TESTABILITY = YES;
				GCC_C_LANGUAGE_STANDARD = gnu11;
				GCC_DYNAMIC_NO_PIC = NO;
				GCC_NO_COMMON_BLOCKS = YES;
				GCC_OPTIMIZATION_LEVEL = 0;
				GCC_PREPROCESSOR_DEFINITIONS = (
					"DEBUG=1",
					"$(inherited)",
				);
				GCC_WARN_64_TO_32_BIT_CONVERSION = YES;
				GCC_WARN_ABOUT_RETURN_TYPE = YES_ERROR;
				GCC_WARN_UNDECLARED_SELECTOR = YES;
				GCC_WARN_UNINITIALIZED_AUTOS = YES_AGGRESSIVE;
				GCC_WARN_UNUSED_FUNCTION = YES;
				GCC_WARN_UNUSED_VARIABLE = YES;
				IPHONEOS_DEPLOYMENT_TARGET = 11.4;
				MTL_ENABLE_DEBUG_INFO = YES;
				ONLY_ACTIVE_ARCH = YES;
				SDKROOT = iphoneos;
			};
			name = Debug;
		};
		D56A87A5216067B400545B6F /* Release */ = {
			isa = XCBuildConfiguration;
			buildSettings = {
				ALWAYS_SEARCH_USER_PATHS = NO;
				CLANG_ANALYZER_NONNULL = YES;
				CLANG_ANALYZER_NUMBER_OBJECT_CONVERSION = YES_AGGRESSIVE;
				CLANG_CXX_LANGUAGE_STANDARD = "gnu++14";
				CLANG_CXX_LIBRARY = "libc++";
				CLANG_ENABLE_MODULES = YES;
				CLANG_ENABLE_OBJC_ARC = YES;
				CLANG_ENABLE_OBJC_WEAK = YES;
				CLANG_WARN_BLOCK_CAPTURE_AUTORELEASING = YES;
				CLANG_WARN_BOOL_CONVERSION = YES;
				CLANG_WARN_COMMA = YES;
				CLANG_WARN_CONSTANT_CONVERSION = YES;
				CLANG_WARN_DEPRECATED_OBJC_IMPLEMENTATIONS = YES;
				CLANG_WARN_DIRECT_OBJC_ISA_USAGE = YES_ERROR;
				CLANG_WARN_DOCUMENTATION_COMMENTS = YES;
				CLANG_WARN_EMPTY_BODY = YES;
				CLANG_WARN_ENUM_CONVERSION = YES;
				CLANG_WARN_INFINITE_RECURSION = YES;
				CLANG_WARN_INT_CONVERSION = YES;
				CLANG_WARN_NON_LITERAL_NULL_CONVERSION = YES;
				CLANG_WARN_OBJC_IMPLICIT_RETAIN_SELF = YES;
				CLANG_WARN_OBJC_LITERAL_CONVERSION = YES;
				CLANG_WARN_OBJC_ROOT_CLASS = YES_ERROR;
				CLANG_WARN_RANGE_LOOP_ANALYSIS = YES;
				CLANG_WARN_STRICT_PROTOTYPES = YES;
				CLANG_WARN_SUSPICIOUS_MOVE = YES;
				CLANG_WARN_UNGUARDED_AVAILABILITY = YES_AGGRESSIVE;
				CLANG_WARN_UNREACHABLE_CODE = YES;
				CLANG_WARN__DUPLICATE_METHOD_MATCH = YES;
				CODE_SIGN_IDENTITY = "iPhone Developer";
				COPY_PHASE_STRIP = NO;
				DEBUG_INFORMATION_FORMAT = "dwarf-with-dsym";
				ENABLE_NS_ASSERTIONS = NO;
				ENABLE_STRICT_OBJC_MSGSEND = YES;
				GCC_C_LANGUAGE_STANDARD = gnu11;
				GCC_NO_COMMON_BLOCKS = YES;
				GCC_WARN_64_TO_32_BIT_CONVERSION = YES;
				GCC_WARN_ABOUT_RETURN_TYPE = YES_ERROR;
				GCC_WARN_UNDECLARED_SELECTOR = YES;
				GCC_WARN_UNINITIALIZED_AUTOS = YES_AGGRESSIVE;
				GCC_WARN_UNUSED_FUNCTION = YES;
				GCC_WARN_UNUSED_VARIABLE = YES;
				IPHONEOS_DEPLOYMENT_TARGET = 11.4;
				MTL_ENABLE_DEBUG_INFO = NO;
				SDKROOT = iphoneos;
				VALIDATE_PRODUCT = YES;
			};
			name = Release;
		};
		D56A87A7216067B400545B6F /* Debug */ = {
			isa = XCBuildConfiguration;
			baseConfigurationReference = 2060BE6D8C2A16D9394F63AE /* Pods-考核2.debug.xcconfig */;
			buildSettings = {
				ASSETCATALOG_COMPILER_APPICON_NAME = AppIcon;
				ASSETCATALOG_COMPILER_LAUNCHIMAGE_NAME = LaunchImage;
				CODE_SIGN_ENTITLEMENTS = "考核2/考核2.entitlements";
				CODE_SIGN_STYLE = Automatic;
				DEVELOPMENT_TEAM = 2CUM4Z7965;
				GCC_PREFIX_HEADER = "$(PRODUCT_NAME)/PrefixHeader.pch";
				INFOPLIST_FILE = "考核2/Info.plist";
				IPHONEOS_DEPLOYMENT_TARGET = 8.0;
				LD_RUNPATH_SEARCH_PATHS = (
					"$(inherited)",
					"@executable_path/Frameworks",
				);
				PRODUCT_BUNDLE_IDENTIFIER = "rechaowangluo.--2";
				PRODUCT_NAME = "$(TARGET_NAME)";
				TARGETED_DEVICE_FAMILY = "1,2";
			};
			name = Debug;
		};
		D56A87A8216067B400545B6F /* Release */ = {
			isa = XCBuildConfiguration;
			baseConfigurationReference = 7B0663566FF621BEE536D29C /* Pods-考核2.release.xcconfig */;
			buildSettings = {
				ASSETCATALOG_COMPILER_APPICON_NAME = AppIcon;
				ASSETCATALOG_COMPILER_LAUNCHIMAGE_NAME = LaunchImage;
				CODE_SIGN_ENTITLEMENTS = "考核2/考核2.entitlements";
				CODE_SIGN_STYLE = Automatic;
				DEVELOPMENT_TEAM = 2CUM4Z7965;
				GCC_PREFIX_HEADER = "$(PRODUCT_NAME)/PrefixHeader.pch";
				INFOPLIST_FILE = "考核2/Info.plist";
				IPHONEOS_DEPLOYMENT_TARGET = 8.0;
				LD_RUNPATH_SEARCH_PATHS = (
					"$(inherited)",
					"@executable_path/Frameworks",
				);
				PRODUCT_BUNDLE_IDENTIFIER = "rechaowangluo.--2";
				PRODUCT_NAME = "$(TARGET_NAME)";
				TARGETED_DEVICE_FAMILY = "1,2";
			};
			name = Release;
		};
		D56A87AA216067B400545B6F /* Debug */ = {
			isa = XCBuildConfiguration;
			buildSettings = {
				BUNDLE_LOADER = "$(TEST_HOST)";
				CODE_SIGN_STYLE = Automatic;
				INFOPLIST_FILE = "考核2Tests/Info.plist";
				LD_RUNPATH_SEARCH_PATHS = (
					"$(inherited)",
					"@executable_path/Frameworks",
					"@loader_path/Frameworks",
				);
				PRODUCT_BUNDLE_IDENTIFIER = "rechaowangluo.--2Tests";
				PRODUCT_NAME = "$(TARGET_NAME)";
				TARGETED_DEVICE_FAMILY = "1,2";
				TEST_HOST = "$(BUILT_PRODUCTS_DIR)/考核2.app/考核2";
			};
			name = Debug;
		};
		D56A87AB216067B400545B6F /* Release */ = {
			isa = XCBuildConfiguration;
			buildSettings = {
				BUNDLE_LOADER = "$(TEST_HOST)";
				CODE_SIGN_STYLE = Automatic;
				INFOPLIST_FILE = "考核2Tests/Info.plist";
				LD_RUNPATH_SEARCH_PATHS = (
					"$(inherited)",
					"@executable_path/Frameworks",
					"@loader_path/Frameworks",
				);
				PRODUCT_BUNDLE_IDENTIFIER = "rechaowangluo.--2Tests";
				PRODUCT_NAME = "$(TARGET_NAME)";
				TARGETED_DEVICE_FAMILY = "1,2";
				TEST_HOST = "$(BUILT_PRODUCTS_DIR)/考核2.app/考核2";
			};
			name = Release;
		};
		D56A87AD216067B400545B6F /* Debug */ = {
			isa = XCBuildConfiguration;
			buildSettings = {
				CODE_SIGN_STYLE = Automatic;
				INFOPLIST_FILE = "考核2UITests/Info.plist";
				LD_RUNPATH_SEARCH_PATHS = (
					"$(inherited)",
					"@executable_path/Frameworks",
					"@loader_path/Frameworks",
				);
				PRODUCT_BUNDLE_IDENTIFIER = "rechaowangluo.--2UITests";
				PRODUCT_NAME = "$(TARGET_NAME)";
				TARGETED_DEVICE_FAMILY = "1,2";
				TEST_TARGET_NAME = "考核2";
			};
			name = Debug;
		};
		D56A87AE216067B400545B6F /* Release */ = {
			isa = XCBuildConfiguration;
			buildSettings = {
				CODE_SIGN_STYLE = Automatic;
				INFOPLIST_FILE = "考核2UITests/Info.plist";
				LD_RUNPATH_SEARCH_PATHS = (
					"$(inherited)",
					"@executable_path/Frameworks",
					"@loader_path/Frameworks",
				);
				PRODUCT_BUNDLE_IDENTIFIER = "rechaowangluo.--2UITests";
				PRODUCT_NAME = "$(TARGET_NAME)";
				TARGETED_DEVICE_FAMILY = "1,2";
				TEST_TARGET_NAME = "考核2";
			};
			name = Release;
		};
		D5BE21B7217D77050034EDDE /* Debug */ = {
			isa = XCBuildConfiguration;
			buildSettings = {
				CODE_SIGN_STYLE = Automatic;
				DEVELOPMENT_TEAM = 2CUM4Z7965;
				INFOPLIST_FILE = NotificationService/Info.plist;
				LD_RUNPATH_SEARCH_PATHS = (
					"$(inherited)",
					"@executable_path/Frameworks",
					"@executable_path/../../Frameworks",
				);
				PRODUCT_BUNDLE_IDENTIFIER = "rechaowangluo.--2.NotificationService";
				PRODUCT_NAME = "$(TARGET_NAME)";
				SKIP_INSTALL = YES;
				TARGETED_DEVICE_FAMILY = "1,2";
			};
			name = Debug;
		};
		D5BE21B8217D77050034EDDE /* Release */ = {
			isa = XCBuildConfiguration;
			buildSettings = {
				CODE_SIGN_STYLE = Automatic;
				DEVELOPMENT_TEAM = 2CUM4Z7965;
				INFOPLIST_FILE = NotificationService/Info.plist;
				LD_RUNPATH_SEARCH_PATHS = (
					"$(inherited)",
					"@executable_path/Frameworks",
					"@executable_path/../../Frameworks",
				);
				PRODUCT_BUNDLE_IDENTIFIER = "rechaowangluo.--2.NotificationService";
				PRODUCT_NAME = "$(TARGET_NAME)";
				SKIP_INSTALL = YES;
				TARGETED_DEVICE_FAMILY = "1,2";
			};
			name = Release;
		};
		D5C68BC12179E10A00710719 /* Debug */ = {
			isa = XCBuildConfiguration;
			buildSettings = {
				CODE_SIGN_ENTITLEMENTS = TodayWidget/TodayWidget.entitlements;
				CODE_SIGN_STYLE = Automatic;
				DEVELOPMENT_TEAM = 2CUM4Z7965;
				INFOPLIST_FILE = TodayWidget/Info.plist;
				LD_RUNPATH_SEARCH_PATHS = (
					"$(inherited)",
					"@executable_path/Frameworks",
					"@executable_path/../../Frameworks",
				);
				PRODUCT_BUNDLE_IDENTIFIER = "rechaowangluo.--2.TodayWidget";
				PRODUCT_NAME = "$(TARGET_NAME)";
				SKIP_INSTALL = YES;
				TARGETED_DEVICE_FAMILY = "1,2";
			};
			name = Debug;
		};
		D5C68BC22179E10A00710719 /* Release */ = {
			isa = XCBuildConfiguration;
			buildSettings = {
				CODE_SIGN_ENTITLEMENTS = TodayWidget/TodayWidget.entitlements;
				CODE_SIGN_STYLE = Automatic;
				DEVELOPMENT_TEAM = 2CUM4Z7965;
				INFOPLIST_FILE = TodayWidget/Info.plist;
				LD_RUNPATH_SEARCH_PATHS = (
					"$(inherited)",
					"@executable_path/Frameworks",
					"@executable_path/../../Frameworks",
				);
				PRODUCT_BUNDLE_IDENTIFIER = "rechaowangluo.--2.TodayWidget";
				PRODUCT_NAME = "$(TARGET_NAME)";
				SKIP_INSTALL = YES;
				TARGETED_DEVICE_FAMILY = "1,2";
			};
			name = Release;
		};
/* End XCBuildConfiguration section */

/* Begin XCConfigurationList section */
		D56A8775216067AB00545B6F /* Build configuration list for PBXProject "考核2" */ = {
			isa = XCConfigurationList;
			buildConfigurations = (
				D56A87A4216067B400545B6F /* Debug */,
				D56A87A5216067B400545B6F /* Release */,
			);
			defaultConfigurationIsVisible = 0;
			defaultConfigurationName = Release;
		};
		D56A87A6216067B400545B6F /* Build configuration list for PBXNativeTarget "考核2" */ = {
			isa = XCConfigurationList;
			buildConfigurations = (
				D56A87A7216067B400545B6F /* Debug */,
				D56A87A8216067B400545B6F /* Release */,
			);
			defaultConfigurationIsVisible = 0;
			defaultConfigurationName = Release;
		};
		D56A87A9216067B400545B6F /* Build configuration list for PBXNativeTarget "考核2Tests" */ = {
			isa = XCConfigurationList;
			buildConfigurations = (
				D56A87AA216067B400545B6F /* Debug */,
				D56A87AB216067B400545B6F /* Release */,
			);
			defaultConfigurationIsVisible = 0;
			defaultConfigurationName = Release;
		};
		D56A87AC216067B400545B6F /* Build configuration list for PBXNativeTarget "考核2UITests" */ = {
			isa = XCConfigurationList;
			buildConfigurations = (
				D56A87AD216067B400545B6F /* Debug */,
				D56A87AE216067B400545B6F /* Release */,
			);
			defaultConfigurationIsVisible = 0;
			defaultConfigurationName = Release;
		};
		D5BE21B6217D77050034EDDE /* Build configuration list for PBXNativeTarget "NotificationService" */ = {
			isa = XCConfigurationList;
			buildConfigurations = (
				D5BE21B7217D77050034EDDE /* Debug */,
				D5BE21B8217D77050034EDDE /* Release */,
			);
			defaultConfigurationIsVisible = 0;
			defaultConfigurationName = Release;
		};
		D5C68BC02179E10A00710719 /* Build configuration list for PBXNativeTarget "TodayWidget" */ = {
			isa = XCConfigurationList;
			buildConfigurations = (
				D5C68BC12179E10A00710719 /* Debug */,
				D5C68BC22179E10A00710719 /* Release */,
			);
			defaultConfigurationIsVisible = 0;
			defaultConfigurationName = Release;
		};
/* End XCConfigurationList section */
	};
	rootObject = D56A8772216067AB00545B6F /* Project object */;
}
